
Microsoft Visual Studio Solution File, Format Version 12.00
# Visual Studio Version 16
VisualStudioVersion = 16.0.29806.167
MinimumVisualStudioVersion = 10.0.40219.1
Project("{2150E333-8FDC-42A3-9474-1A3956D46DE8}") = "Tests", "Tests", "{80BFC793-45A8-4C41-976F-ADBED20548BF}"
EndProject
Project("{9A19103F-16F7-4668-BE54-9A1E7A4F7556}") = "Juno.Contracts", "Juno.Contracts\Juno.Contracts.csproj", "{BDE54528-D46A-4D4F-BA2E-8A4310588E65}"
EndProject
Project("{9A19103F-16F7-4668-BE54-9A1E7A4F7556}") = "Juno.Contracts.UnitTests", "Juno.Contracts.UnitTests\Juno.Contracts.UnitTests.csproj", "{63495597-1963-4715-97F2-91B1CAED148E}"
EndProject
Project("{9A19103F-16F7-4668-BE54-9A1E7A4F7556}") = "Juno.TestExtensions", "Juno.TestExtensions\Juno.TestExtensions.csproj", "{1700DD0E-6F67-4E59-9B96-055F98846348}"
EndProject
Project("{2150E333-8FDC-42A3-9474-1A3956D46DE8}") = "Configuration", "Configuration", "{84C998CA-59B0-4D95-AFDF-B98BBB127C7D}"
	ProjectSection(SolutionItems) = preProject
		Configuration\juno-dev01.appsettings.json = Configuration\juno-dev01.appsettings.json
		Configuration\juno-dev01.environmentsettings.json = Configuration\juno-dev01.environmentsettings.json
		Configuration\juno-dev01.testsettings.json = Configuration\juno-dev01.testsettings.json
		Configuration\juno-local.testsettings.json = Configuration\juno-local.testsettings.json
		Configuration\juno-ppe01.appsettings.json = Configuration\juno-ppe01.appsettings.json
		Configuration\juno-ppe01.environmentsettings.json = Configuration\juno-ppe01.environmentsettings.json
		Configuration\juno-prod01.appsettings.json = Configuration\juno-prod01.appsettings.json
		Configuration\juno-prod01.environmentsettings.json = Configuration\juno-prod01.environmentsettings.json
	EndProjectSection
EndProject
Project("{2150E333-8FDC-42A3-9474-1A3956D46DE8}") = "Solution Items", "Solution Items", "{82CC009F-676C-44EC-9B23-4CBD2D972917}"
	ProjectSection(SolutionItems) = preProject
		.editorconfig = .editorconfig
		Configuration.targets = Configuration.targets
		Module.props = Module.props
		NuGetPackaging.targets = NuGetPackaging.targets
	EndProjectSection
EndProject
Project("{9A19103F-16F7-4668-BE54-9A1E7A4F7556}") = "Microsoft.Azure.CRC.Common", "..\Microsoft.Azure.CRC\Microsoft.Azure.CRC.Common\Microsoft.Azure.CRC.Common.csproj", "{3C83DB6D-9AC4-4CE0-977C-FE97B168B436}"
EndProject
Project("{9A19103F-16F7-4668-BE54-9A1E7A4F7556}") = "Microsoft.Azure.CRC.Contracts", "..\Microsoft.Azure.CRC\Microsoft.Azure.CRC.Contracts\Microsoft.Azure.CRC.Contracts.csproj", "{6A8AE81B-7F0A-43EE-86A3-BC64EB95181E}"
EndProject
Project("{9A19103F-16F7-4668-BE54-9A1E7A4F7556}") = "Microsoft.Azure.CRC.Repository", "..\Microsoft.Azure.CRC\Microsoft.Azure.CRC.Repository\Microsoft.Azure.CRC.Repository.csproj", "{FFAF38C9-C70A-449E-B87D-45EE1A7576A5}"
EndProject
Project("{9A19103F-16F7-4668-BE54-9A1E7A4F7556}") = "Microsoft.Azure.CRC.TestExtensions", "..\Microsoft.Azure.CRC\Microsoft.Azure.CRC.TestExtensions\Microsoft.Azure.CRC.TestExtensions.csproj", "{F5BA4013-55AF-4734-9975-4F18A33AE148}"
EndProject
Project("{9A19103F-16F7-4668-BE54-9A1E7A4F7556}") = "Microsoft.Azure.CRC.Identity", "..\Microsoft.Azure.CRC\Microsoft.Azure.CRC.Identity\Microsoft.Azure.CRC.Identity.csproj", "{C67E3F8C-3166-4F75-8DDF-D9EF798FC9B6}"
EndProject
Project("{9A19103F-16F7-4668-BE54-9A1E7A4F7556}") = "Juno.Providers", "Juno.Providers\Juno.Providers.csproj", "{31392A1B-1EFA-463A-9940-F8117E96670D}"
EndProject
Project("{9A19103F-16F7-4668-BE54-9A1E7A4F7556}") = "Juno.Providers.UnitTests", "Juno.Providers.UnitTests\Juno.Providers.UnitTests.csproj", "{FDD9B411-63FD-4ED9-8291-B6BBBCD067FA}"
EndProject
Project("{9A19103F-16F7-4668-BE54-9A1E7A4F7556}") = "Juno.DataManagement", "Juno.DataManagement\Juno.DataManagement.csproj", "{D7CDA8F7-4A48-44AC-ACFC-C984F3563F81}"
EndProject
Project("{9A19103F-16F7-4668-BE54-9A1E7A4F7556}") = "Juno.DataManagement.UnitTests", "Juno.DataManagement.UnitTests\Juno.DataManagement.UnitTests.csproj", "{FDCF4277-3958-444B-976E-1C8121D2DFA5}"
EndProject
Project("{9A19103F-16F7-4668-BE54-9A1E7A4F7556}") = "Juno.Execution.Api", "Juno.Execution.Api\Juno.Execution.Api.csproj", "{5DDCA958-C7F0-4D14-84E8-84387A8F4A3C}"
EndProject
Project("{9A19103F-16F7-4668-BE54-9A1E7A4F7556}") = "Microsoft.Azure.CRC.AspNetCore", "..\Microsoft.Azure.CRC\Microsoft.Azure.CRC.AspNetCore\Microsoft.Azure.CRC.AspNetCore.csproj", "{67EC0C99-B4CF-4E93-A39D-629E3F466419}"
EndProject
Project("{9A19103F-16F7-4668-BE54-9A1E7A4F7556}") = "Microsoft.Azure.CRC.Telemetry", "..\Microsoft.Azure.CRC\Microsoft.Azure.CRC.Telemetry\Microsoft.Azure.CRC.Telemetry.csproj", "{692A03E7-9B6E-41F9-8211-D19BDFBC681D}"
EndProject
Project("{9A19103F-16F7-4668-BE54-9A1E7A4F7556}") = "Juno.Extensions.AspNetCore", "Juno.Extensions.AspNetCore\Juno.Extensions.AspNetCore.csproj", "{75793566-1DF1-42F6-A0E5-C1B2D5F3F90A}"
EndProject
Project("{9A19103F-16F7-4668-BE54-9A1E7A4F7556}") = "Juno.Execution.Api.UnitTests", "Juno.Execution.Api.UnitTests\Juno.Execution.Api.UnitTests.csproj", "{0A38754D-3A3D-4E95-9794-2A3954A9DA25}"
EndProject
Project("{9A19103F-16F7-4668-BE54-9A1E7A4F7556}") = "Juno.Extensions.AspNetCore.UnitTests", "Juno.Extensions.AspNetCore.UnitTests\Juno.Extensions.AspNetCore.UnitTests.csproj", "{86DD9A2C-06B6-4CEF-8ADC-8F0DA5F67B56}"
EndProject
Project("{9A19103F-16F7-4668-BE54-9A1E7A4F7556}") = "Microsoft.Azure.CRC.Rest", "..\Microsoft.Azure.CRC\Microsoft.Azure.CRC.Rest\Microsoft.Azure.CRC.Rest.csproj", "{3A896B88-8067-477B-97CE-3BD554206B5B}"
EndProject
Project("{9A19103F-16F7-4668-BE54-9A1E7A4F7556}") = "Juno.Execution.Api.WebAppHost", "Juno.Execution.Api.WebAppHost\Juno.Execution.Api.WebAppHost.csproj", "{0E1D3A7C-26EE-40CE-999A-B15B4288FD1B}"
EndProject
Project("{9A19103F-16F7-4668-BE54-9A1E7A4F7556}") = "Juno.Agent.Api", "Juno.Agent.Api\Juno.Agent.Api.csproj", "{F21624E0-3532-43C9-AD1A-DB6DA0A22B2C}"
EndProject
Project("{9A19103F-16F7-4668-BE54-9A1E7A4F7556}") = "Juno.Documentation", "Juno.Documentation\Juno.Documentation.csproj", "{AFAC7285-90E5-4562-8466-4CF6EBC50658}"
EndProject
Project("{2150E333-8FDC-42A3-9474-1A3956D46DE8}") = "Documentation", "Documentation", "{2A980135-BA01-4799-9AE3-66C650400D2A}"
EndProject
Project("{9A19103F-16F7-4668-BE54-9A1E7A4F7556}") = "Juno.Agent.Api.WebAppHost", "Juno.Agent.Api.WebAppHost\Juno.Agent.Api.WebAppHost.csproj", "{4C33888A-5901-4181-971F-2F5DED25A140}"
EndProject
Project("{9A19103F-16F7-4668-BE54-9A1E7A4F7556}") = "Juno.Execution.Management", "Juno.Execution.Management\Juno.Execution.Management.csproj", "{3DBB7819-F4A6-4AE3-A78E-829DDB3DDBFD}"
EndProject
Project("{9A19103F-16F7-4668-BE54-9A1E7A4F7556}") = "Juno.Api.Client", "Juno.Api.Client\Juno.Api.Client.csproj", "{7B20DEB8-8941-43B9-9921-AE21CAD2A048}"
EndProject
Project("{9A19103F-16F7-4668-BE54-9A1E7A4F7556}") = "Juno.Extensions.Telemetry", "Juno.Extensions.Telemetry\Juno.Extensions.Telemetry.csproj", "{312DEFFD-61F8-475A-888F-4B43704E9781}"
EndProject
Project("{9A19103F-16F7-4668-BE54-9A1E7A4F7556}") = "Juno.Extensions.Telemetry.UnitTests", "Juno.Extensions.Telemetry.UnitTests\Juno.Extensions.Telemetry.UnitTests.csproj", "{5B0A6CEC-3C85-430E-B3E3-DC8794344C4D}"
EndProject
Project("{9A19103F-16F7-4668-BE54-9A1E7A4F7556}") = "Juno.Agent.Api.UnitTests", "Juno.Agent.Api.UnitTests\Juno.Agent.Api.UnitTests.csproj", "{14CEECAC-4239-49BE-B23C-FE3D659D1EA4}"
EndProject
Project("{9A19103F-16F7-4668-BE54-9A1E7A4F7556}") = "Juno.Execution.Management.UnitTests", "Juno.Execution.Management.UnitTests\Juno.Execution.Management.UnitTests.csproj", "{9D0F4BD0-12F9-449E-9800-30FF04155933}"
EndProject
Project("{9A19103F-16F7-4668-BE54-9A1E7A4F7556}") = "Juno.Api.Client.UnitTests", "Juno.Api.Client.UnitTests\Juno.Api.Client.UnitTests.csproj", "{4697062B-D142-41AF-BC19-E2004ACF3B69}"
EndProject
Project("{9A19103F-16F7-4668-BE54-9A1E7A4F7556}") = "Juno.GuestAgent", "Juno.GuestAgent\Juno.GuestAgent.csproj", "{3B88F3C4-43D1-4A00-AE61-BF9CC1D3C829}"
EndProject
Project("{9A19103F-16F7-4668-BE54-9A1E7A4F7556}") = "Juno.HostAgent", "Juno.HostAgent\Juno.HostAgent.csproj", "{DEB6AFE9-39FE-483A-BDF5-D131D94A457A}"
EndProject
Project("{9A19103F-16F7-4668-BE54-9A1E7A4F7556}") = "Juno.Execution.UnitTests", "Juno.Execution.UnitTests\Juno.Execution.UnitTests.csproj", "{FB3AEE75-DD26-47A4-95C7-8C8BD1705157}"
EndProject
Project("{9A19103F-16F7-4668-BE54-9A1E7A4F7556}") = "Juno.Execution.Providers", "Juno.Execution.Providers\Juno.Execution.Providers.csproj", "{DE6F2BA5-C3F7-43B6-8ED1-188F61AEB34C}"
EndProject
Project("{9A19103F-16F7-4668-BE54-9A1E7A4F7556}") = "Juno.Execution.Providers.UnitTests", "Juno.Execution.Providers.UnitTests\Juno.Execution.Providers.UnitTests.csproj", "{BA76A182-523D-4363-8321-8CBD049DF6D4}"
EndProject
Project("{9A19103F-16F7-4668-BE54-9A1E7A4F7556}") = "Juno.Experiments.Api", "Juno.Experiments.Api\Juno.Experiments.Api.csproj", "{C1336A13-FF29-4503-84F2-B31C598C6095}"
EndProject
Project("{9A19103F-16F7-4668-BE54-9A1E7A4F7556}") = "Juno.Experiments.Api.WebAppHost", "Juno.Experiments.Api.WebAppHost\Juno.Experiments.Api.WebAppHost.csproj", "{693EB886-2F07-49A4-844E-0ED44EDA1187}"
EndProject
Project("{9A19103F-16F7-4668-BE54-9A1E7A4F7556}") = "Juno.Experiments.Api.UnitTests", "Juno.Experiments.Api.UnitTests\Juno.Experiments.Api.UnitTests.csproj", "{BE22633B-770B-4C23-9BB4-ABB963C98FD5}"
EndProject
Project("{9A19103F-16F7-4668-BE54-9A1E7A4F7556}") = "Juno.Execution.Providers.IntegrationTests", "Juno.Execution.Providers.IntegrationTests\Juno.Execution.Providers.IntegrationTests.csproj", "{616877F9-2D4F-466B-ADC8-911C9EE65078}"
EndProject
Project("{9A19103F-16F7-4668-BE54-9A1E7A4F7556}") = "Juno.Execution.AgentRuntime", "Juno.Execution.AgentRuntime\Juno.Execution.AgentRuntime.csproj", "{07FDC40F-4228-4F71-BF6E-53962E3848CA}"
EndProject
Project("{9A19103F-16F7-4668-BE54-9A1E7A4F7556}") = "Juno.Execution.AgentRuntime.UnitTests", "Juno.Execution.AgentRuntime.UnitTests\Juno.Execution.AgentRuntime.UnitTests.csproj", "{DD0EE902-88B7-4091-8742-7C1828F442E6}"
EndProject
Project("{9A19103F-16F7-4668-BE54-9A1E7A4F7556}") = "Juno.Execution.Service.WebJobHost", "Juno.Execution.Service.WebJobHost\Juno.Execution.Service.WebJobHost.csproj", "{F7F1BDEB-07F1-4A94-924C-0812195C3E78}"
EndProject
Project("{9A19103F-16F7-4668-BE54-9A1E7A4F7556}") = "Juno.GuestAgent.Installer", "Juno.GuestAgent.Installer\Juno.GuestAgent.Installer.csproj", "{E22C4CF7-320A-4BC9-9696-FC171FB3E3BC}"
EndProject
Project("{9A19103F-16F7-4668-BE54-9A1E7A4F7556}") = "Juno.GuestAgent.Installer.UnitTests", "Juno.GuestAgent.Installer.UnitTests\Juno.GuestAgent.Installer.UnitTests.csproj", "{445991D0-49CE-475F-8953-62645D6C7C56}"
EndProject
Project("{9A19103F-16F7-4668-BE54-9A1E7A4F7556}") = "Juno.Scheduler.WebJobHost", "Juno.Scheduler.WebJobHost\Juno.Scheduler.WebJobHost.csproj", "{609AAB65-FE31-4E93-A775-7F66D3B9A1C1}"
EndProject
Project("{9A19103F-16F7-4668-BE54-9A1E7A4F7556}") = "Juno.Hosting.Common", "Juno.Hosting.Common\Juno.Hosting.Common.csproj", "{E28B6A58-E0CF-49BE-93FC-2BDA5F8E1860}"
EndProject
Project("{9A19103F-16F7-4668-BE54-9A1E7A4F7556}") = "Juno.PowerShellModule", "Juno.PowerShellModule\Juno.PowerShellModule.csproj", "{33E60FAC-9885-40F2-A062-CFDA92841F9F}"
EndProject
Project("{9A19103F-16F7-4668-BE54-9A1E7A4F7556}") = "Juno.Scheduler.Management.UnitTests", "Juno.Scheduler.UnitTests\Juno.Scheduler.Management.UnitTests.csproj", "{02598DCC-9F87-4C30-979A-D13EA09E78B1}"
EndProject
Project("{9A19103F-16F7-4668-BE54-9A1E7A4F7556}") = "Microsoft.Azure.CRC.Subscriptions", "..\Microsoft.Azure.CRC\Microsoft.Azure.CRC.Subscriptions\Microsoft.Azure.CRC.Subscriptions.csproj", "{50D94DCF-8905-4FD4-9B63-AC6A1922D714}"
EndProject
Project("{9A19103F-16F7-4668-BE54-9A1E7A4F7556}") = "Juno.CRCBladeCertificationAgent", "Juno.CrcBladeCertificationAgent\Juno.CRCBladeCertificationAgent.csproj", "{56DE5174-344B-4C05-9814-132CEFB49A8A}"
EndProject
Project("{9A19103F-16F7-4668-BE54-9A1E7A4F7556}") = "Juno.CRCBladeCertificationAgent.UnitTests", "Juno.CRCBladeCertificationAgent.UnitTests\Juno.CRCBladeCertificationAgent.UnitTests.csproj", "{84E8C5BB-9605-4A89-AE24-4B6BA4D5DBF2}"
EndProject
Project("{9A19103F-16F7-4668-BE54-9A1E7A4F7556}") = "Microsoft.Azure.CRC.Kusto", "..\Microsoft.Azure.CRC\Microsoft.Azure.CRC.Kusto\Microsoft.Azure.CRC.Kusto.csproj", "{DB37061C-4BEA-4727-AC16-8BCEC757350A}"
EndProject
Project("{9A19103F-16F7-4668-BE54-9A1E7A4F7556}") = "Juno.Execution.ArmIntegration", "Juno.Execution.ArmIntegration\Juno.Execution.ArmIntegration.csproj", "{06966E14-C44F-4331-B313-8568C053F1EA}"
EndProject
Project("{9A19103F-16F7-4668-BE54-9A1E7A4F7556}") = "Juno.Execution.TipIntegration", "Juno.Execution.TipIntegration\Juno.Execution.TipIntegration.csproj", "{7BC99456-3207-4E11-9CCC-61DA360F375D}"
EndProject
Project("{9A19103F-16F7-4668-BE54-9A1E7A4F7556}") = "Juno.Execution.TipIntegration.UnitTests", "Juno.Execution.TipIntegration.UnitTests\Juno.Execution.TipIntegration.UnitTests.csproj", "{34D836A7-1BBF-4A4A-A4AB-EAB8510BF274}"
EndProject
Project("{9A19103F-16F7-4668-BE54-9A1E7A4F7556}") = "Juno.Execution.ArmIntegration.UnitTests", "Juno.Execution.ArmIntegration.UnitTests\Juno.Execution.ArmIntegration.UnitTests.csproj", "{DAAD538C-DB26-431C-BED5-178F86C19C59}"
EndProject
Project("{9A19103F-16F7-4668-BE54-9A1E7A4F7556}") = "Juno.Execution.TipIntegration.IntegrationTests", "Juno.Execution.TipIntegration.IntegrationTests\Juno.Execution.TipIntegration.IntegrationTests.csproj", "{FD0A0990-1E58-42F0-99E3-FBB38F8CE4DD}"
EndProject
Project("{9A19103F-16F7-4668-BE54-9A1E7A4F7556}") = "Juno.Execution.ArmIntegration.IntegrationTests", "Juno.Execution.ArmIntegration.IntegrationTests\Juno.Execution.ArmIntegration.IntegrationTests.csproj", "{F5B18163-D855-4141-99F2-9A22287FE82A}"
EndProject
Project("{9A19103F-16F7-4668-BE54-9A1E7A4F7556}") = "Juno.GarbageCollector.WebJobHost", "Juno.GarbageCollector.WebJobHost\Juno.GarbageCollector.WebJobHost.csproj", "{A605FCCC-B981-47C1-A3AA-2AD3339BCEE5}"
EndProject
Project("{9A19103F-16F7-4668-BE54-9A1E7A4F7556}") = "Juno.Execution.NuGetIntegration", "Juno.Execution.NuGetIntegration\Juno.Execution.NuGetIntegration.csproj", "{1EE21434-E77A-41FD-AC47-2B41BD2FC389}"
EndProject
Project("{9A19103F-16F7-4668-BE54-9A1E7A4F7556}") = "Juno.Scheduler.Management", "Juno.Scheduler.Management\Juno.Scheduler.Management.csproj", "{9606EA2B-E8AD-44FA-AF0F-6646235F0424}"
EndProject
Project("{9A19103F-16F7-4668-BE54-9A1E7A4F7556}") = "Juno.Scheduler.Preconditions", "Juno.Scheduler.Preconditions\Juno.Scheduler.Preconditions.csproj", "{30DC5351-CD23-4C15-AEC3-5A861B7B1F19}"
EndProject
Project("{9A19103F-16F7-4668-BE54-9A1E7A4F7556}") = "Juno.Scheduler.Actions", "Juno.Scheduler.Actions\Juno.Scheduler.Actions.csproj", "{2412EB29-B91B-4C3D-9570-789691788F41}"
EndProject
Project("{9A19103F-16F7-4668-BE54-9A1E7A4F7556}") = "Juno.Scheduler.Actions.UnitTests", "Juno.Scheduler.Actions.UnitTests\Juno.Scheduler.Actions.UnitTests.csproj", "{2D173140-2F8F-4E2E-AFB6-8F75183D6EBC}"
EndProject
Project("{9A19103F-16F7-4668-BE54-9A1E7A4F7556}") = "Juno.Scheduler.Preconditions.UnitTests", "Juno.Scheduler.Preconditions.UnitTests\Juno.Scheduler.Preconditions.UnitTests.csproj", "{37C75C06-BB47-475E-AF9D-0691DBC24003}"
EndProject
Project("{9A19103F-16F7-4668-BE54-9A1E7A4F7556}") = "Juno.GarbageCollector", "Juno.GarbageCollector\Juno.GarbageCollector.csproj", "{D07A485C-1D03-44EF-A9D6-FE1E198F42EA}"
EndProject
Project("{9A19103F-16F7-4668-BE54-9A1E7A4F7556}") = "Juno.GarbageCollector.UnitTests", "Juno.GarbageCollector.UnitTests\Juno.GarbageCollector.UnitTests.csproj", "{46C573B6-81D1-4509-9D8C-D5C4F391773B}"
EndProject
Project("{9A19103F-16F7-4668-BE54-9A1E7A4F7556}") = "Juno.EnvironmentSelection.Providers", "Juno.EnvironmentSelection.Providers\Juno.EnvironmentSelection.Providers.csproj", "{50D22662-6325-46D8-B15E-0547ACD904DB}"
EndProject
Project("{9A19103F-16F7-4668-BE54-9A1E7A4F7556}") = "Juno.EnvironmentSelection.Providers.UnitTests", "Juno.EnvironmentSelection.Providers.UnitTests\Juno.EnvironmentSelection.Providers.UnitTests.csproj", "{6E196D0F-1A77-417A-BE7D-57A8E1592067}"
EndProject
Project("{9A19103F-16F7-4668-BE54-9A1E7A4F7556}") = "Juno.EnvironmentSelection.Service.UnitTests", "Juno.EnvironmentSelection.Service.UnitTests\Juno.EnvironmentSelection.Service.UnitTests.csproj", "{D34623E2-8A09-46F9-BB79-B893F2F448B6}"
EndProject
Project("{9A19103F-16F7-4668-BE54-9A1E7A4F7556}") = "Juno.EnvironmentSelection.Service", "Juno.EnvironmentSelection.Service\Juno.EnvironmentSelection.Service.csproj", "{E5C42321-4316-45AC-98D2-8E1B725370F9}"
EndProject
Project("{9A19103F-16F7-4668-BE54-9A1E7A4F7556}") = "Juno.GuestAgent.UnitTests", "Juno.GuestAgent.UnitTests\Juno.GuestAgent.UnitTests.csproj", "{D128F9FF-4C32-4695-BC97-961BF8868935}"
EndProject
Project("{9A19103F-16F7-4668-BE54-9A1E7A4F7556}") = "Juno.PowerShellModule.UnitTests", "Juno.PowerShellModule.UnitTests\Juno.PowerShellModule.UnitTests.csproj", "{D5BEAE1C-2BF8-4B9C-9440-3EBCBE2E52DB}"
EndProject
Project("{9A19103F-16F7-4668-BE54-9A1E7A4F7556}") = "Juno.EnvironmentSelection.Providers.IntegrationTests", "Juno.EnvironmentSelection.Providers.IntegrationTests\Juno.EnvironmentSelection.Providers.IntegrationTests.csproj", "{75B7AE96-8655-405C-BA29-DAA32C92B788}"
EndProject
Project("{9A19103F-16F7-4668-BE54-9A1E7A4F7556}") = "Juno.EnvironmentSelection.Api.WebAppHost", "Juno.EnvironmentSelection.WebAppHost\Juno.EnvironmentSelection.Api.WebAppHost.csproj", "{8F7095F5-468C-4969-9175-29449EF261FC}"
EndProject
Project("{9A19103F-16F7-4668-BE54-9A1E7A4F7556}") = "Juno.EnvironmentSelection.Api", "Juno.EnvironmentSelection.Api\Juno.EnvironmentSelection.Api.csproj", "{FA3AD685-B25C-457F-9F5E-73E787087DF6}"
EndProject
Project("{9A19103F-16F7-4668-BE54-9A1E7A4F7556}") = "Juno.EnvironmentSelection.Api.UnitTests", "Juno.EnvironmentSelection.Api.UnitTests\Juno.EnvironmentSelection.Api.UnitTests.csproj", "{250F0916-AD9F-4C5C-B3E2-9F80C77026B6}"
EndProject
Global
	GlobalSection(SolutionConfigurationPlatforms) = preSolution
		Debug|AnyCPU = Debug|AnyCPU
		Debug|ARM64 = Debug|ARM64
		Debug|x64 = Debug|x64
		Release|AnyCPU = Release|AnyCPU
		Release|ARM64 = Release|ARM64
		Release|x64 = Release|x64
	EndGlobalSection
	GlobalSection(ProjectConfigurationPlatforms) = postSolution
		{BDE54528-D46A-4D4F-BA2E-8A4310588E65}.Debug|AnyCPU.ActiveCfg = Debug|Any CPU
		{BDE54528-D46A-4D4F-BA2E-8A4310588E65}.Debug|AnyCPU.Build.0 = Debug|Any CPU
		{BDE54528-D46A-4D4F-BA2E-8A4310588E65}.Debug|ARM64.ActiveCfg = Debug|ARM64
		{BDE54528-D46A-4D4F-BA2E-8A4310588E65}.Debug|ARM64.Build.0 = Debug|ARM64
		{BDE54528-D46A-4D4F-BA2E-8A4310588E65}.Debug|x64.ActiveCfg = Debug|x64
		{BDE54528-D46A-4D4F-BA2E-8A4310588E65}.Debug|x64.Build.0 = Debug|x64
		{BDE54528-D46A-4D4F-BA2E-8A4310588E65}.Release|AnyCPU.ActiveCfg = Release|Any CPU
		{BDE54528-D46A-4D4F-BA2E-8A4310588E65}.Release|AnyCPU.Build.0 = Release|Any CPU
		{BDE54528-D46A-4D4F-BA2E-8A4310588E65}.Release|ARM64.ActiveCfg = Release|ARM64
		{BDE54528-D46A-4D4F-BA2E-8A4310588E65}.Release|ARM64.Build.0 = Release|ARM64
		{BDE54528-D46A-4D4F-BA2E-8A4310588E65}.Release|x64.ActiveCfg = Release|x64
		{BDE54528-D46A-4D4F-BA2E-8A4310588E65}.Release|x64.Build.0 = Release|x64
		{63495597-1963-4715-97F2-91B1CAED148E}.Debug|AnyCPU.ActiveCfg = Debug|Any CPU
		{63495597-1963-4715-97F2-91B1CAED148E}.Debug|AnyCPU.Build.0 = Debug|Any CPU
		{63495597-1963-4715-97F2-91B1CAED148E}.Debug|ARM64.ActiveCfg = Debug|ARM64
		{63495597-1963-4715-97F2-91B1CAED148E}.Debug|ARM64.Build.0 = Debug|ARM64
		{63495597-1963-4715-97F2-91B1CAED148E}.Debug|x64.ActiveCfg = Debug|x64
		{63495597-1963-4715-97F2-91B1CAED148E}.Debug|x64.Build.0 = Debug|x64
		{63495597-1963-4715-97F2-91B1CAED148E}.Release|AnyCPU.ActiveCfg = Release|Any CPU
		{63495597-1963-4715-97F2-91B1CAED148E}.Release|AnyCPU.Build.0 = Release|Any CPU
		{63495597-1963-4715-97F2-91B1CAED148E}.Release|ARM64.ActiveCfg = Release|ARM64
		{63495597-1963-4715-97F2-91B1CAED148E}.Release|x64.ActiveCfg = Release|x64
		{63495597-1963-4715-97F2-91B1CAED148E}.Release|x64.Build.0 = Release|x64
		{1700DD0E-6F67-4E59-9B96-055F98846348}.Debug|AnyCPU.ActiveCfg = Debug|Any CPU
		{1700DD0E-6F67-4E59-9B96-055F98846348}.Debug|AnyCPU.Build.0 = Debug|Any CPU
		{1700DD0E-6F67-4E59-9B96-055F98846348}.Debug|ARM64.ActiveCfg = Debug|ARM64
		{1700DD0E-6F67-4E59-9B96-055F98846348}.Debug|ARM64.Build.0 = Debug|ARM64
		{1700DD0E-6F67-4E59-9B96-055F98846348}.Debug|x64.ActiveCfg = Debug|x64
		{1700DD0E-6F67-4E59-9B96-055F98846348}.Debug|x64.Build.0 = Debug|x64
		{1700DD0E-6F67-4E59-9B96-055F98846348}.Release|AnyCPU.ActiveCfg = Release|Any CPU
		{1700DD0E-6F67-4E59-9B96-055F98846348}.Release|AnyCPU.Build.0 = Release|Any CPU
		{1700DD0E-6F67-4E59-9B96-055F98846348}.Release|ARM64.ActiveCfg = Release|ARM64
		{1700DD0E-6F67-4E59-9B96-055F98846348}.Release|ARM64.Build.0 = Release|ARM64
		{1700DD0E-6F67-4E59-9B96-055F98846348}.Release|x64.ActiveCfg = Release|x64
		{1700DD0E-6F67-4E59-9B96-055F98846348}.Release|x64.Build.0 = Release|x64
		{3C83DB6D-9AC4-4CE0-977C-FE97B168B436}.Debug|AnyCPU.ActiveCfg = Debug|Any CPU
		{3C83DB6D-9AC4-4CE0-977C-FE97B168B436}.Debug|AnyCPU.Build.0 = Debug|Any CPU
		{3C83DB6D-9AC4-4CE0-977C-FE97B168B436}.Debug|ARM64.ActiveCfg = Debug|ARM64
		{3C83DB6D-9AC4-4CE0-977C-FE97B168B436}.Debug|ARM64.Build.0 = Debug|ARM64
		{3C83DB6D-9AC4-4CE0-977C-FE97B168B436}.Debug|x64.ActiveCfg = Debug|x64
		{3C83DB6D-9AC4-4CE0-977C-FE97B168B436}.Debug|x64.Build.0 = Debug|x64
		{3C83DB6D-9AC4-4CE0-977C-FE97B168B436}.Release|AnyCPU.ActiveCfg = Release|Any CPU
		{3C83DB6D-9AC4-4CE0-977C-FE97B168B436}.Release|AnyCPU.Build.0 = Release|Any CPU
		{3C83DB6D-9AC4-4CE0-977C-FE97B168B436}.Release|ARM64.ActiveCfg = Release|ARM64
		{3C83DB6D-9AC4-4CE0-977C-FE97B168B436}.Release|ARM64.Build.0 = Release|ARM64
		{3C83DB6D-9AC4-4CE0-977C-FE97B168B436}.Release|x64.ActiveCfg = Release|x64
		{3C83DB6D-9AC4-4CE0-977C-FE97B168B436}.Release|x64.Build.0 = Release|x64
		{6A8AE81B-7F0A-43EE-86A3-BC64EB95181E}.Debug|AnyCPU.ActiveCfg = Debug|Any CPU
		{6A8AE81B-7F0A-43EE-86A3-BC64EB95181E}.Debug|AnyCPU.Build.0 = Debug|Any CPU
		{6A8AE81B-7F0A-43EE-86A3-BC64EB95181E}.Debug|ARM64.ActiveCfg = Debug|ARM64
		{6A8AE81B-7F0A-43EE-86A3-BC64EB95181E}.Debug|ARM64.Build.0 = Debug|ARM64
		{6A8AE81B-7F0A-43EE-86A3-BC64EB95181E}.Debug|x64.ActiveCfg = Debug|x64
		{6A8AE81B-7F0A-43EE-86A3-BC64EB95181E}.Debug|x64.Build.0 = Debug|x64
		{6A8AE81B-7F0A-43EE-86A3-BC64EB95181E}.Release|AnyCPU.ActiveCfg = Release|Any CPU
		{6A8AE81B-7F0A-43EE-86A3-BC64EB95181E}.Release|AnyCPU.Build.0 = Release|Any CPU
		{6A8AE81B-7F0A-43EE-86A3-BC64EB95181E}.Release|ARM64.ActiveCfg = Release|ARM64
		{6A8AE81B-7F0A-43EE-86A3-BC64EB95181E}.Release|ARM64.Build.0 = Release|ARM64
		{6A8AE81B-7F0A-43EE-86A3-BC64EB95181E}.Release|x64.ActiveCfg = Release|x64
		{6A8AE81B-7F0A-43EE-86A3-BC64EB95181E}.Release|x64.Build.0 = Release|x64
		{FFAF38C9-C70A-449E-B87D-45EE1A7576A5}.Debug|AnyCPU.ActiveCfg = Debug|Any CPU
		{FFAF38C9-C70A-449E-B87D-45EE1A7576A5}.Debug|AnyCPU.Build.0 = Debug|Any CPU
		{FFAF38C9-C70A-449E-B87D-45EE1A7576A5}.Debug|ARM64.ActiveCfg = Debug|ARM64
		{FFAF38C9-C70A-449E-B87D-45EE1A7576A5}.Debug|ARM64.Build.0 = Debug|ARM64
		{FFAF38C9-C70A-449E-B87D-45EE1A7576A5}.Debug|x64.ActiveCfg = Debug|x64
		{FFAF38C9-C70A-449E-B87D-45EE1A7576A5}.Debug|x64.Build.0 = Debug|x64
		{FFAF38C9-C70A-449E-B87D-45EE1A7576A5}.Release|AnyCPU.ActiveCfg = Release|Any CPU
		{FFAF38C9-C70A-449E-B87D-45EE1A7576A5}.Release|AnyCPU.Build.0 = Release|Any CPU
		{FFAF38C9-C70A-449E-B87D-45EE1A7576A5}.Release|ARM64.ActiveCfg = Release|ARM64
		{FFAF38C9-C70A-449E-B87D-45EE1A7576A5}.Release|ARM64.Build.0 = Release|ARM64
		{FFAF38C9-C70A-449E-B87D-45EE1A7576A5}.Release|x64.ActiveCfg = Release|x64
		{FFAF38C9-C70A-449E-B87D-45EE1A7576A5}.Release|x64.Build.0 = Release|x64
		{F5BA4013-55AF-4734-9975-4F18A33AE148}.Debug|AnyCPU.ActiveCfg = Debug|Any CPU
		{F5BA4013-55AF-4734-9975-4F18A33AE148}.Debug|AnyCPU.Build.0 = Debug|Any CPU
		{F5BA4013-55AF-4734-9975-4F18A33AE148}.Debug|ARM64.ActiveCfg = Debug|ARM64
		{F5BA4013-55AF-4734-9975-4F18A33AE148}.Debug|ARM64.Build.0 = Debug|ARM64
		{F5BA4013-55AF-4734-9975-4F18A33AE148}.Debug|x64.ActiveCfg = Debug|x64
		{F5BA4013-55AF-4734-9975-4F18A33AE148}.Debug|x64.Build.0 = Debug|x64
		{F5BA4013-55AF-4734-9975-4F18A33AE148}.Release|AnyCPU.ActiveCfg = Release|Any CPU
		{F5BA4013-55AF-4734-9975-4F18A33AE148}.Release|AnyCPU.Build.0 = Release|Any CPU
		{F5BA4013-55AF-4734-9975-4F18A33AE148}.Release|ARM64.ActiveCfg = Release|ARM64
		{F5BA4013-55AF-4734-9975-4F18A33AE148}.Release|ARM64.Build.0 = Release|ARM64
		{F5BA4013-55AF-4734-9975-4F18A33AE148}.Release|x64.ActiveCfg = Release|x64
		{F5BA4013-55AF-4734-9975-4F18A33AE148}.Release|x64.Build.0 = Release|x64
		{C67E3F8C-3166-4F75-8DDF-D9EF798FC9B6}.Debug|AnyCPU.ActiveCfg = Debug|Any CPU
		{C67E3F8C-3166-4F75-8DDF-D9EF798FC9B6}.Debug|AnyCPU.Build.0 = Debug|Any CPU
		{C67E3F8C-3166-4F75-8DDF-D9EF798FC9B6}.Debug|ARM64.ActiveCfg = Debug|ARM64
		{C67E3F8C-3166-4F75-8DDF-D9EF798FC9B6}.Debug|ARM64.Build.0 = Debug|ARM64
		{C67E3F8C-3166-4F75-8DDF-D9EF798FC9B6}.Debug|x64.ActiveCfg = Debug|x64
		{C67E3F8C-3166-4F75-8DDF-D9EF798FC9B6}.Debug|x64.Build.0 = Debug|x64
		{C67E3F8C-3166-4F75-8DDF-D9EF798FC9B6}.Release|AnyCPU.ActiveCfg = Release|Any CPU
		{C67E3F8C-3166-4F75-8DDF-D9EF798FC9B6}.Release|AnyCPU.Build.0 = Release|Any CPU
		{C67E3F8C-3166-4F75-8DDF-D9EF798FC9B6}.Release|ARM64.ActiveCfg = Release|ARM64
		{C67E3F8C-3166-4F75-8DDF-D9EF798FC9B6}.Release|ARM64.Build.0 = Release|ARM64
		{C67E3F8C-3166-4F75-8DDF-D9EF798FC9B6}.Release|x64.ActiveCfg = Release|x64
		{C67E3F8C-3166-4F75-8DDF-D9EF798FC9B6}.Release|x64.Build.0 = Release|x64
		{31392A1B-1EFA-463A-9940-F8117E96670D}.Debug|AnyCPU.ActiveCfg = Debug|Any CPU
		{31392A1B-1EFA-463A-9940-F8117E96670D}.Debug|AnyCPU.Build.0 = Debug|Any CPU
		{31392A1B-1EFA-463A-9940-F8117E96670D}.Debug|ARM64.ActiveCfg = Debug|ARM64
		{31392A1B-1EFA-463A-9940-F8117E96670D}.Debug|ARM64.Build.0 = Debug|ARM64
		{31392A1B-1EFA-463A-9940-F8117E96670D}.Debug|x64.ActiveCfg = Debug|x64
		{31392A1B-1EFA-463A-9940-F8117E96670D}.Debug|x64.Build.0 = Debug|x64
		{31392A1B-1EFA-463A-9940-F8117E96670D}.Release|AnyCPU.ActiveCfg = Release|Any CPU
		{31392A1B-1EFA-463A-9940-F8117E96670D}.Release|AnyCPU.Build.0 = Release|Any CPU
		{31392A1B-1EFA-463A-9940-F8117E96670D}.Release|ARM64.ActiveCfg = Release|ARM64
		{31392A1B-1EFA-463A-9940-F8117E96670D}.Release|ARM64.Build.0 = Release|ARM64
		{31392A1B-1EFA-463A-9940-F8117E96670D}.Release|x64.ActiveCfg = Release|x64
		{31392A1B-1EFA-463A-9940-F8117E96670D}.Release|x64.Build.0 = Release|x64
		{FDD9B411-63FD-4ED9-8291-B6BBBCD067FA}.Debug|AnyCPU.ActiveCfg = Debug|Any CPU
		{FDD9B411-63FD-4ED9-8291-B6BBBCD067FA}.Debug|AnyCPU.Build.0 = Debug|Any CPU
		{FDD9B411-63FD-4ED9-8291-B6BBBCD067FA}.Debug|ARM64.ActiveCfg = Debug|ARM64
		{FDD9B411-63FD-4ED9-8291-B6BBBCD067FA}.Debug|ARM64.Build.0 = Debug|ARM64
		{FDD9B411-63FD-4ED9-8291-B6BBBCD067FA}.Debug|x64.ActiveCfg = Debug|x64
		{FDD9B411-63FD-4ED9-8291-B6BBBCD067FA}.Debug|x64.Build.0 = Debug|x64
		{FDD9B411-63FD-4ED9-8291-B6BBBCD067FA}.Release|AnyCPU.ActiveCfg = Release|Any CPU
		{FDD9B411-63FD-4ED9-8291-B6BBBCD067FA}.Release|AnyCPU.Build.0 = Release|Any CPU
		{FDD9B411-63FD-4ED9-8291-B6BBBCD067FA}.Release|ARM64.ActiveCfg = Release|ARM64
		{FDD9B411-63FD-4ED9-8291-B6BBBCD067FA}.Release|ARM64.Build.0 = Release|ARM64
		{FDD9B411-63FD-4ED9-8291-B6BBBCD067FA}.Release|x64.ActiveCfg = Release|x64
		{FDD9B411-63FD-4ED9-8291-B6BBBCD067FA}.Release|x64.Build.0 = Release|x64
		{D7CDA8F7-4A48-44AC-ACFC-C984F3563F81}.Debug|AnyCPU.ActiveCfg = Debug|Any CPU
		{D7CDA8F7-4A48-44AC-ACFC-C984F3563F81}.Debug|AnyCPU.Build.0 = Debug|Any CPU
		{D7CDA8F7-4A48-44AC-ACFC-C984F3563F81}.Debug|ARM64.ActiveCfg = Debug|ARM64
		{D7CDA8F7-4A48-44AC-ACFC-C984F3563F81}.Debug|ARM64.Build.0 = Debug|ARM64
		{D7CDA8F7-4A48-44AC-ACFC-C984F3563F81}.Debug|x64.ActiveCfg = Debug|x64
		{D7CDA8F7-4A48-44AC-ACFC-C984F3563F81}.Debug|x64.Build.0 = Debug|x64
		{D7CDA8F7-4A48-44AC-ACFC-C984F3563F81}.Release|AnyCPU.ActiveCfg = Release|Any CPU
		{D7CDA8F7-4A48-44AC-ACFC-C984F3563F81}.Release|AnyCPU.Build.0 = Release|Any CPU
		{D7CDA8F7-4A48-44AC-ACFC-C984F3563F81}.Release|ARM64.ActiveCfg = Release|ARM64
		{D7CDA8F7-4A48-44AC-ACFC-C984F3563F81}.Release|ARM64.Build.0 = Release|ARM64
		{D7CDA8F7-4A48-44AC-ACFC-C984F3563F81}.Release|x64.ActiveCfg = Release|x64
		{D7CDA8F7-4A48-44AC-ACFC-C984F3563F81}.Release|x64.Build.0 = Release|x64
		{FDCF4277-3958-444B-976E-1C8121D2DFA5}.Debug|AnyCPU.ActiveCfg = Debug|Any CPU
		{FDCF4277-3958-444B-976E-1C8121D2DFA5}.Debug|AnyCPU.Build.0 = Debug|Any CPU
		{FDCF4277-3958-444B-976E-1C8121D2DFA5}.Debug|ARM64.ActiveCfg = Debug|ARM64
		{FDCF4277-3958-444B-976E-1C8121D2DFA5}.Debug|ARM64.Build.0 = Debug|ARM64
		{FDCF4277-3958-444B-976E-1C8121D2DFA5}.Debug|x64.ActiveCfg = Debug|x64
		{FDCF4277-3958-444B-976E-1C8121D2DFA5}.Debug|x64.Build.0 = Debug|x64
		{FDCF4277-3958-444B-976E-1C8121D2DFA5}.Release|AnyCPU.ActiveCfg = Release|Any CPU
		{FDCF4277-3958-444B-976E-1C8121D2DFA5}.Release|AnyCPU.Build.0 = Release|Any CPU
		{FDCF4277-3958-444B-976E-1C8121D2DFA5}.Release|ARM64.ActiveCfg = Release|ARM64
		{FDCF4277-3958-444B-976E-1C8121D2DFA5}.Release|x64.ActiveCfg = Release|x64
		{FDCF4277-3958-444B-976E-1C8121D2DFA5}.Release|x64.Build.0 = Release|x64
		{5DDCA958-C7F0-4D14-84E8-84387A8F4A3C}.Debug|AnyCPU.ActiveCfg = Debug|Any CPU
		{5DDCA958-C7F0-4D14-84E8-84387A8F4A3C}.Debug|AnyCPU.Build.0 = Debug|Any CPU
		{5DDCA958-C7F0-4D14-84E8-84387A8F4A3C}.Debug|ARM64.ActiveCfg = Debug|ARM64
		{5DDCA958-C7F0-4D14-84E8-84387A8F4A3C}.Debug|ARM64.Build.0 = Debug|ARM64
		{5DDCA958-C7F0-4D14-84E8-84387A8F4A3C}.Debug|x64.ActiveCfg = Debug|x64
		{5DDCA958-C7F0-4D14-84E8-84387A8F4A3C}.Debug|x64.Build.0 = Debug|x64
		{5DDCA958-C7F0-4D14-84E8-84387A8F4A3C}.Release|AnyCPU.ActiveCfg = Release|Any CPU
		{5DDCA958-C7F0-4D14-84E8-84387A8F4A3C}.Release|AnyCPU.Build.0 = Release|Any CPU
		{5DDCA958-C7F0-4D14-84E8-84387A8F4A3C}.Release|ARM64.ActiveCfg = Release|ARM64
		{5DDCA958-C7F0-4D14-84E8-84387A8F4A3C}.Release|ARM64.Build.0 = Release|ARM64
		{5DDCA958-C7F0-4D14-84E8-84387A8F4A3C}.Release|x64.ActiveCfg = Release|x64
		{5DDCA958-C7F0-4D14-84E8-84387A8F4A3C}.Release|x64.Build.0 = Release|x64
		{67EC0C99-B4CF-4E93-A39D-629E3F466419}.Debug|AnyCPU.ActiveCfg = Debug|Any CPU
		{67EC0C99-B4CF-4E93-A39D-629E3F466419}.Debug|AnyCPU.Build.0 = Debug|Any CPU
		{67EC0C99-B4CF-4E93-A39D-629E3F466419}.Debug|ARM64.ActiveCfg = Debug|ARM64
		{67EC0C99-B4CF-4E93-A39D-629E3F466419}.Debug|ARM64.Build.0 = Debug|ARM64
		{67EC0C99-B4CF-4E93-A39D-629E3F466419}.Debug|x64.ActiveCfg = Debug|x64
		{67EC0C99-B4CF-4E93-A39D-629E3F466419}.Debug|x64.Build.0 = Debug|x64
		{67EC0C99-B4CF-4E93-A39D-629E3F466419}.Release|AnyCPU.ActiveCfg = Release|Any CPU
		{67EC0C99-B4CF-4E93-A39D-629E3F466419}.Release|AnyCPU.Build.0 = Release|Any CPU
		{67EC0C99-B4CF-4E93-A39D-629E3F466419}.Release|ARM64.ActiveCfg = Release|ARM64
		{67EC0C99-B4CF-4E93-A39D-629E3F466419}.Release|ARM64.Build.0 = Release|ARM64
		{67EC0C99-B4CF-4E93-A39D-629E3F466419}.Release|x64.ActiveCfg = Release|x64
		{67EC0C99-B4CF-4E93-A39D-629E3F466419}.Release|x64.Build.0 = Release|x64
		{692A03E7-9B6E-41F9-8211-D19BDFBC681D}.Debug|AnyCPU.ActiveCfg = Debug|Any CPU
		{692A03E7-9B6E-41F9-8211-D19BDFBC681D}.Debug|AnyCPU.Build.0 = Debug|Any CPU
		{692A03E7-9B6E-41F9-8211-D19BDFBC681D}.Debug|ARM64.ActiveCfg = Debug|ARM64
		{692A03E7-9B6E-41F9-8211-D19BDFBC681D}.Debug|ARM64.Build.0 = Debug|ARM64
		{692A03E7-9B6E-41F9-8211-D19BDFBC681D}.Debug|x64.ActiveCfg = Debug|x64
		{692A03E7-9B6E-41F9-8211-D19BDFBC681D}.Debug|x64.Build.0 = Debug|x64
		{692A03E7-9B6E-41F9-8211-D19BDFBC681D}.Release|AnyCPU.ActiveCfg = Release|Any CPU
		{692A03E7-9B6E-41F9-8211-D19BDFBC681D}.Release|AnyCPU.Build.0 = Release|Any CPU
		{692A03E7-9B6E-41F9-8211-D19BDFBC681D}.Release|ARM64.ActiveCfg = Release|ARM64
		{692A03E7-9B6E-41F9-8211-D19BDFBC681D}.Release|ARM64.Build.0 = Release|ARM64
		{692A03E7-9B6E-41F9-8211-D19BDFBC681D}.Release|x64.ActiveCfg = Release|x64
		{692A03E7-9B6E-41F9-8211-D19BDFBC681D}.Release|x64.Build.0 = Release|x64
		{75793566-1DF1-42F6-A0E5-C1B2D5F3F90A}.Debug|AnyCPU.ActiveCfg = Debug|Any CPU
		{75793566-1DF1-42F6-A0E5-C1B2D5F3F90A}.Debug|AnyCPU.Build.0 = Debug|Any CPU
		{75793566-1DF1-42F6-A0E5-C1B2D5F3F90A}.Debug|ARM64.ActiveCfg = Debug|ARM64
		{75793566-1DF1-42F6-A0E5-C1B2D5F3F90A}.Debug|ARM64.Build.0 = Debug|ARM64
		{75793566-1DF1-42F6-A0E5-C1B2D5F3F90A}.Debug|x64.ActiveCfg = Debug|x64
		{75793566-1DF1-42F6-A0E5-C1B2D5F3F90A}.Debug|x64.Build.0 = Debug|x64
		{75793566-1DF1-42F6-A0E5-C1B2D5F3F90A}.Release|AnyCPU.ActiveCfg = Release|Any CPU
		{75793566-1DF1-42F6-A0E5-C1B2D5F3F90A}.Release|AnyCPU.Build.0 = Release|Any CPU
		{75793566-1DF1-42F6-A0E5-C1B2D5F3F90A}.Release|ARM64.ActiveCfg = Release|ARM64
		{75793566-1DF1-42F6-A0E5-C1B2D5F3F90A}.Release|ARM64.Build.0 = Release|ARM64
		{75793566-1DF1-42F6-A0E5-C1B2D5F3F90A}.Release|x64.ActiveCfg = Release|x64
		{75793566-1DF1-42F6-A0E5-C1B2D5F3F90A}.Release|x64.Build.0 = Release|x64
		{0A38754D-3A3D-4E95-9794-2A3954A9DA25}.Debug|AnyCPU.ActiveCfg = Debug|Any CPU
		{0A38754D-3A3D-4E95-9794-2A3954A9DA25}.Debug|AnyCPU.Build.0 = Debug|Any CPU
		{0A38754D-3A3D-4E95-9794-2A3954A9DA25}.Debug|ARM64.ActiveCfg = Debug|ARM64
		{0A38754D-3A3D-4E95-9794-2A3954A9DA25}.Debug|ARM64.Build.0 = Debug|ARM64
		{0A38754D-3A3D-4E95-9794-2A3954A9DA25}.Debug|x64.ActiveCfg = Debug|x64
		{0A38754D-3A3D-4E95-9794-2A3954A9DA25}.Debug|x64.Build.0 = Debug|x64
		{0A38754D-3A3D-4E95-9794-2A3954A9DA25}.Release|AnyCPU.ActiveCfg = Release|Any CPU
		{0A38754D-3A3D-4E95-9794-2A3954A9DA25}.Release|AnyCPU.Build.0 = Release|Any CPU
		{0A38754D-3A3D-4E95-9794-2A3954A9DA25}.Release|ARM64.ActiveCfg = Release|ARM64
		{0A38754D-3A3D-4E95-9794-2A3954A9DA25}.Release|x64.ActiveCfg = Release|x64
		{0A38754D-3A3D-4E95-9794-2A3954A9DA25}.Release|x64.Build.0 = Release|x64
		{86DD9A2C-06B6-4CEF-8ADC-8F0DA5F67B56}.Debug|AnyCPU.ActiveCfg = Debug|Any CPU
		{86DD9A2C-06B6-4CEF-8ADC-8F0DA5F67B56}.Debug|AnyCPU.Build.0 = Debug|Any CPU
		{86DD9A2C-06B6-4CEF-8ADC-8F0DA5F67B56}.Debug|ARM64.ActiveCfg = Debug|ARM64
		{86DD9A2C-06B6-4CEF-8ADC-8F0DA5F67B56}.Debug|ARM64.Build.0 = Debug|ARM64
		{86DD9A2C-06B6-4CEF-8ADC-8F0DA5F67B56}.Debug|x64.ActiveCfg = Debug|x64
		{86DD9A2C-06B6-4CEF-8ADC-8F0DA5F67B56}.Debug|x64.Build.0 = Debug|x64
		{86DD9A2C-06B6-4CEF-8ADC-8F0DA5F67B56}.Release|AnyCPU.ActiveCfg = Release|Any CPU
		{86DD9A2C-06B6-4CEF-8ADC-8F0DA5F67B56}.Release|AnyCPU.Build.0 = Release|Any CPU
		{86DD9A2C-06B6-4CEF-8ADC-8F0DA5F67B56}.Release|ARM64.ActiveCfg = Release|ARM64
		{86DD9A2C-06B6-4CEF-8ADC-8F0DA5F67B56}.Release|x64.ActiveCfg = Release|x64
		{86DD9A2C-06B6-4CEF-8ADC-8F0DA5F67B56}.Release|x64.Build.0 = Release|x64
		{3A896B88-8067-477B-97CE-3BD554206B5B}.Debug|AnyCPU.ActiveCfg = Debug|Any CPU
		{3A896B88-8067-477B-97CE-3BD554206B5B}.Debug|AnyCPU.Build.0 = Debug|Any CPU
		{3A896B88-8067-477B-97CE-3BD554206B5B}.Debug|ARM64.ActiveCfg = Debug|ARM64
		{3A896B88-8067-477B-97CE-3BD554206B5B}.Debug|ARM64.Build.0 = Debug|ARM64
		{3A896B88-8067-477B-97CE-3BD554206B5B}.Debug|x64.ActiveCfg = Debug|x64
		{3A896B88-8067-477B-97CE-3BD554206B5B}.Debug|x64.Build.0 = Debug|x64
		{3A896B88-8067-477B-97CE-3BD554206B5B}.Release|AnyCPU.ActiveCfg = Release|Any CPU
		{3A896B88-8067-477B-97CE-3BD554206B5B}.Release|AnyCPU.Build.0 = Release|Any CPU
		{3A896B88-8067-477B-97CE-3BD554206B5B}.Release|ARM64.ActiveCfg = Release|ARM64
		{3A896B88-8067-477B-97CE-3BD554206B5B}.Release|ARM64.Build.0 = Release|ARM64
		{3A896B88-8067-477B-97CE-3BD554206B5B}.Release|x64.ActiveCfg = Release|x64
		{3A896B88-8067-477B-97CE-3BD554206B5B}.Release|x64.Build.0 = Release|x64
		{0E1D3A7C-26EE-40CE-999A-B15B4288FD1B}.Debug|AnyCPU.ActiveCfg = Debug|Any CPU
		{0E1D3A7C-26EE-40CE-999A-B15B4288FD1B}.Debug|AnyCPU.Build.0 = Debug|Any CPU
		{0E1D3A7C-26EE-40CE-999A-B15B4288FD1B}.Debug|ARM64.ActiveCfg = Debug|ARM64
		{0E1D3A7C-26EE-40CE-999A-B15B4288FD1B}.Debug|ARM64.Build.0 = Debug|ARM64
		{0E1D3A7C-26EE-40CE-999A-B15B4288FD1B}.Debug|x64.ActiveCfg = Debug|x64
		{0E1D3A7C-26EE-40CE-999A-B15B4288FD1B}.Debug|x64.Build.0 = Debug|x64
		{0E1D3A7C-26EE-40CE-999A-B15B4288FD1B}.Release|AnyCPU.ActiveCfg = Release|Any CPU
		{0E1D3A7C-26EE-40CE-999A-B15B4288FD1B}.Release|AnyCPU.Build.0 = Release|Any CPU
		{0E1D3A7C-26EE-40CE-999A-B15B4288FD1B}.Release|ARM64.ActiveCfg = Release|ARM64
		{0E1D3A7C-26EE-40CE-999A-B15B4288FD1B}.Release|x64.ActiveCfg = Release|x64
		{0E1D3A7C-26EE-40CE-999A-B15B4288FD1B}.Release|x64.Build.0 = Release|x64
		{F21624E0-3532-43C9-AD1A-DB6DA0A22B2C}.Debug|AnyCPU.ActiveCfg = Debug|Any CPU
		{F21624E0-3532-43C9-AD1A-DB6DA0A22B2C}.Debug|AnyCPU.Build.0 = Debug|Any CPU
		{F21624E0-3532-43C9-AD1A-DB6DA0A22B2C}.Debug|ARM64.ActiveCfg = Debug|ARM64
		{F21624E0-3532-43C9-AD1A-DB6DA0A22B2C}.Debug|ARM64.Build.0 = Debug|ARM64
		{F21624E0-3532-43C9-AD1A-DB6DA0A22B2C}.Debug|x64.ActiveCfg = Debug|x64
		{F21624E0-3532-43C9-AD1A-DB6DA0A22B2C}.Debug|x64.Build.0 = Debug|x64
		{F21624E0-3532-43C9-AD1A-DB6DA0A22B2C}.Release|AnyCPU.ActiveCfg = Release|Any CPU
		{F21624E0-3532-43C9-AD1A-DB6DA0A22B2C}.Release|AnyCPU.Build.0 = Release|Any CPU
		{F21624E0-3532-43C9-AD1A-DB6DA0A22B2C}.Release|ARM64.ActiveCfg = Release|ARM64
		{F21624E0-3532-43C9-AD1A-DB6DA0A22B2C}.Release|ARM64.Build.0 = Release|ARM64
		{F21624E0-3532-43C9-AD1A-DB6DA0A22B2C}.Release|x64.ActiveCfg = Release|x64
		{F21624E0-3532-43C9-AD1A-DB6DA0A22B2C}.Release|x64.Build.0 = Release|x64
		{AFAC7285-90E5-4562-8466-4CF6EBC50658}.Debug|AnyCPU.ActiveCfg = Debug|Any CPU
		{AFAC7285-90E5-4562-8466-4CF6EBC50658}.Debug|AnyCPU.Build.0 = Debug|Any CPU
		{AFAC7285-90E5-4562-8466-4CF6EBC50658}.Debug|ARM64.ActiveCfg = Debug|ARM64
		{AFAC7285-90E5-4562-8466-4CF6EBC50658}.Debug|ARM64.Build.0 = Debug|ARM64
		{AFAC7285-90E5-4562-8466-4CF6EBC50658}.Debug|x64.ActiveCfg = Debug|x64
		{AFAC7285-90E5-4562-8466-4CF6EBC50658}.Debug|x64.Build.0 = Debug|x64
		{AFAC7285-90E5-4562-8466-4CF6EBC50658}.Release|AnyCPU.ActiveCfg = Release|Any CPU
		{AFAC7285-90E5-4562-8466-4CF6EBC50658}.Release|AnyCPU.Build.0 = Release|Any CPU
		{AFAC7285-90E5-4562-8466-4CF6EBC50658}.Release|ARM64.ActiveCfg = Release|ARM64
		{AFAC7285-90E5-4562-8466-4CF6EBC50658}.Release|ARM64.Build.0 = Release|ARM64
		{AFAC7285-90E5-4562-8466-4CF6EBC50658}.Release|x64.ActiveCfg = Release|x64
		{AFAC7285-90E5-4562-8466-4CF6EBC50658}.Release|x64.Build.0 = Release|x64
		{4C33888A-5901-4181-971F-2F5DED25A140}.Debug|AnyCPU.ActiveCfg = Debug|Any CPU
		{4C33888A-5901-4181-971F-2F5DED25A140}.Debug|AnyCPU.Build.0 = Debug|Any CPU
		{4C33888A-5901-4181-971F-2F5DED25A140}.Debug|ARM64.ActiveCfg = Debug|ARM64
		{4C33888A-5901-4181-971F-2F5DED25A140}.Debug|ARM64.Build.0 = Debug|ARM64
		{4C33888A-5901-4181-971F-2F5DED25A140}.Debug|x64.ActiveCfg = Debug|x64
		{4C33888A-5901-4181-971F-2F5DED25A140}.Debug|x64.Build.0 = Debug|x64
		{4C33888A-5901-4181-971F-2F5DED25A140}.Release|AnyCPU.ActiveCfg = Release|Any CPU
		{4C33888A-5901-4181-971F-2F5DED25A140}.Release|AnyCPU.Build.0 = Release|Any CPU
		{4C33888A-5901-4181-971F-2F5DED25A140}.Release|ARM64.ActiveCfg = Release|ARM64
		{4C33888A-5901-4181-971F-2F5DED25A140}.Release|x64.ActiveCfg = Release|x64
		{4C33888A-5901-4181-971F-2F5DED25A140}.Release|x64.Build.0 = Release|x64
		{3DBB7819-F4A6-4AE3-A78E-829DDB3DDBFD}.Debug|AnyCPU.ActiveCfg = Debug|Any CPU
		{3DBB7819-F4A6-4AE3-A78E-829DDB3DDBFD}.Debug|AnyCPU.Build.0 = Debug|Any CPU
		{3DBB7819-F4A6-4AE3-A78E-829DDB3DDBFD}.Debug|ARM64.ActiveCfg = Debug|ARM64
		{3DBB7819-F4A6-4AE3-A78E-829DDB3DDBFD}.Debug|ARM64.Build.0 = Debug|ARM64
		{3DBB7819-F4A6-4AE3-A78E-829DDB3DDBFD}.Debug|x64.ActiveCfg = Debug|x64
		{3DBB7819-F4A6-4AE3-A78E-829DDB3DDBFD}.Debug|x64.Build.0 = Debug|x64
		{3DBB7819-F4A6-4AE3-A78E-829DDB3DDBFD}.Release|AnyCPU.ActiveCfg = Release|Any CPU
		{3DBB7819-F4A6-4AE3-A78E-829DDB3DDBFD}.Release|AnyCPU.Build.0 = Release|Any CPU
		{3DBB7819-F4A6-4AE3-A78E-829DDB3DDBFD}.Release|ARM64.ActiveCfg = Release|ARM64
		{3DBB7819-F4A6-4AE3-A78E-829DDB3DDBFD}.Release|ARM64.Build.0 = Release|ARM64
		{3DBB7819-F4A6-4AE3-A78E-829DDB3DDBFD}.Release|x64.ActiveCfg = Release|x64
		{3DBB7819-F4A6-4AE3-A78E-829DDB3DDBFD}.Release|x64.Build.0 = Release|x64
		{7B20DEB8-8941-43B9-9921-AE21CAD2A048}.Debug|AnyCPU.ActiveCfg = Debug|Any CPU
		{7B20DEB8-8941-43B9-9921-AE21CAD2A048}.Debug|AnyCPU.Build.0 = Debug|Any CPU
		{7B20DEB8-8941-43B9-9921-AE21CAD2A048}.Debug|ARM64.ActiveCfg = Debug|ARM64
		{7B20DEB8-8941-43B9-9921-AE21CAD2A048}.Debug|ARM64.Build.0 = Debug|ARM64
		{7B20DEB8-8941-43B9-9921-AE21CAD2A048}.Debug|x64.ActiveCfg = Debug|x64
		{7B20DEB8-8941-43B9-9921-AE21CAD2A048}.Debug|x64.Build.0 = Debug|x64
		{7B20DEB8-8941-43B9-9921-AE21CAD2A048}.Release|AnyCPU.ActiveCfg = Release|Any CPU
		{7B20DEB8-8941-43B9-9921-AE21CAD2A048}.Release|AnyCPU.Build.0 = Release|Any CPU
		{7B20DEB8-8941-43B9-9921-AE21CAD2A048}.Release|ARM64.ActiveCfg = Release|ARM64
		{7B20DEB8-8941-43B9-9921-AE21CAD2A048}.Release|ARM64.Build.0 = Release|ARM64
		{7B20DEB8-8941-43B9-9921-AE21CAD2A048}.Release|x64.ActiveCfg = Release|x64
		{7B20DEB8-8941-43B9-9921-AE21CAD2A048}.Release|x64.Build.0 = Release|x64
		{312DEFFD-61F8-475A-888F-4B43704E9781}.Debug|AnyCPU.ActiveCfg = Debug|Any CPU
		{312DEFFD-61F8-475A-888F-4B43704E9781}.Debug|AnyCPU.Build.0 = Debug|Any CPU
		{312DEFFD-61F8-475A-888F-4B43704E9781}.Debug|ARM64.ActiveCfg = Debug|ARM64
		{312DEFFD-61F8-475A-888F-4B43704E9781}.Debug|ARM64.Build.0 = Debug|ARM64
		{312DEFFD-61F8-475A-888F-4B43704E9781}.Debug|x64.ActiveCfg = Debug|x64
		{312DEFFD-61F8-475A-888F-4B43704E9781}.Debug|x64.Build.0 = Debug|x64
		{312DEFFD-61F8-475A-888F-4B43704E9781}.Release|AnyCPU.ActiveCfg = Release|Any CPU
		{312DEFFD-61F8-475A-888F-4B43704E9781}.Release|AnyCPU.Build.0 = Release|Any CPU
		{312DEFFD-61F8-475A-888F-4B43704E9781}.Release|ARM64.ActiveCfg = Release|ARM64
		{312DEFFD-61F8-475A-888F-4B43704E9781}.Release|ARM64.Build.0 = Release|ARM64
		{312DEFFD-61F8-475A-888F-4B43704E9781}.Release|x64.ActiveCfg = Release|x64
		{312DEFFD-61F8-475A-888F-4B43704E9781}.Release|x64.Build.0 = Release|x64
		{5B0A6CEC-3C85-430E-B3E3-DC8794344C4D}.Debug|AnyCPU.ActiveCfg = Debug|Any CPU
		{5B0A6CEC-3C85-430E-B3E3-DC8794344C4D}.Debug|AnyCPU.Build.0 = Debug|Any CPU
		{5B0A6CEC-3C85-430E-B3E3-DC8794344C4D}.Debug|ARM64.ActiveCfg = Debug|ARM64
		{5B0A6CEC-3C85-430E-B3E3-DC8794344C4D}.Debug|ARM64.Build.0 = Debug|ARM64
		{5B0A6CEC-3C85-430E-B3E3-DC8794344C4D}.Debug|x64.ActiveCfg = Debug|x64
		{5B0A6CEC-3C85-430E-B3E3-DC8794344C4D}.Debug|x64.Build.0 = Debug|x64
		{5B0A6CEC-3C85-430E-B3E3-DC8794344C4D}.Release|AnyCPU.ActiveCfg = Release|Any CPU
		{5B0A6CEC-3C85-430E-B3E3-DC8794344C4D}.Release|AnyCPU.Build.0 = Release|Any CPU
		{5B0A6CEC-3C85-430E-B3E3-DC8794344C4D}.Release|ARM64.ActiveCfg = Release|ARM64
		{5B0A6CEC-3C85-430E-B3E3-DC8794344C4D}.Release|x64.ActiveCfg = Release|x64
		{5B0A6CEC-3C85-430E-B3E3-DC8794344C4D}.Release|x64.Build.0 = Release|x64
		{14CEECAC-4239-49BE-B23C-FE3D659D1EA4}.Debug|AnyCPU.ActiveCfg = Debug|Any CPU
		{14CEECAC-4239-49BE-B23C-FE3D659D1EA4}.Debug|AnyCPU.Build.0 = Debug|Any CPU
		{14CEECAC-4239-49BE-B23C-FE3D659D1EA4}.Debug|ARM64.ActiveCfg = Debug|ARM64
		{14CEECAC-4239-49BE-B23C-FE3D659D1EA4}.Debug|ARM64.Build.0 = Debug|ARM64
		{14CEECAC-4239-49BE-B23C-FE3D659D1EA4}.Debug|x64.ActiveCfg = Debug|x64
		{14CEECAC-4239-49BE-B23C-FE3D659D1EA4}.Debug|x64.Build.0 = Debug|x64
		{14CEECAC-4239-49BE-B23C-FE3D659D1EA4}.Release|AnyCPU.ActiveCfg = Release|Any CPU
		{14CEECAC-4239-49BE-B23C-FE3D659D1EA4}.Release|AnyCPU.Build.0 = Release|Any CPU
		{14CEECAC-4239-49BE-B23C-FE3D659D1EA4}.Release|ARM64.ActiveCfg = Release|ARM64
		{14CEECAC-4239-49BE-B23C-FE3D659D1EA4}.Release|x64.ActiveCfg = Release|x64
		{14CEECAC-4239-49BE-B23C-FE3D659D1EA4}.Release|x64.Build.0 = Release|x64
		{9D0F4BD0-12F9-449E-9800-30FF04155933}.Debug|AnyCPU.ActiveCfg = Debug|Any CPU
		{9D0F4BD0-12F9-449E-9800-30FF04155933}.Debug|AnyCPU.Build.0 = Debug|Any CPU
		{9D0F4BD0-12F9-449E-9800-30FF04155933}.Debug|ARM64.ActiveCfg = Debug|ARM64
		{9D0F4BD0-12F9-449E-9800-30FF04155933}.Debug|ARM64.Build.0 = Debug|ARM64
		{9D0F4BD0-12F9-449E-9800-30FF04155933}.Debug|x64.ActiveCfg = Debug|x64
		{9D0F4BD0-12F9-449E-9800-30FF04155933}.Debug|x64.Build.0 = Debug|x64
		{9D0F4BD0-12F9-449E-9800-30FF04155933}.Release|AnyCPU.ActiveCfg = Release|Any CPU
		{9D0F4BD0-12F9-449E-9800-30FF04155933}.Release|AnyCPU.Build.0 = Release|Any CPU
		{9D0F4BD0-12F9-449E-9800-30FF04155933}.Release|ARM64.ActiveCfg = Release|ARM64
		{9D0F4BD0-12F9-449E-9800-30FF04155933}.Release|x64.ActiveCfg = Release|x64
		{9D0F4BD0-12F9-449E-9800-30FF04155933}.Release|x64.Build.0 = Release|x64
		{4697062B-D142-41AF-BC19-E2004ACF3B69}.Debug|AnyCPU.ActiveCfg = Debug|Any CPU
		{4697062B-D142-41AF-BC19-E2004ACF3B69}.Debug|AnyCPU.Build.0 = Debug|Any CPU
		{4697062B-D142-41AF-BC19-E2004ACF3B69}.Debug|ARM64.ActiveCfg = Debug|ARM64
		{4697062B-D142-41AF-BC19-E2004ACF3B69}.Debug|ARM64.Build.0 = Debug|ARM64
		{4697062B-D142-41AF-BC19-E2004ACF3B69}.Debug|x64.ActiveCfg = Debug|x64
		{4697062B-D142-41AF-BC19-E2004ACF3B69}.Debug|x64.Build.0 = Debug|x64
		{4697062B-D142-41AF-BC19-E2004ACF3B69}.Release|AnyCPU.ActiveCfg = Release|Any CPU
		{4697062B-D142-41AF-BC19-E2004ACF3B69}.Release|AnyCPU.Build.0 = Release|Any CPU
		{4697062B-D142-41AF-BC19-E2004ACF3B69}.Release|ARM64.ActiveCfg = Release|ARM64
		{4697062B-D142-41AF-BC19-E2004ACF3B69}.Release|x64.ActiveCfg = Release|x64
		{4697062B-D142-41AF-BC19-E2004ACF3B69}.Release|x64.Build.0 = Release|x64
		{3B88F3C4-43D1-4A00-AE61-BF9CC1D3C829}.Debug|AnyCPU.ActiveCfg = Debug|Any CPU
		{3B88F3C4-43D1-4A00-AE61-BF9CC1D3C829}.Debug|AnyCPU.Build.0 = Debug|Any CPU
		{3B88F3C4-43D1-4A00-AE61-BF9CC1D3C829}.Debug|ARM64.ActiveCfg = Debug|ARM64
		{3B88F3C4-43D1-4A00-AE61-BF9CC1D3C829}.Debug|ARM64.Build.0 = Debug|ARM64
		{3B88F3C4-43D1-4A00-AE61-BF9CC1D3C829}.Debug|x64.ActiveCfg = Debug|x64
		{3B88F3C4-43D1-4A00-AE61-BF9CC1D3C829}.Debug|x64.Build.0 = Debug|x64
		{3B88F3C4-43D1-4A00-AE61-BF9CC1D3C829}.Release|AnyCPU.ActiveCfg = Release|Any CPU
		{3B88F3C4-43D1-4A00-AE61-BF9CC1D3C829}.Release|AnyCPU.Build.0 = Release|Any CPU
		{3B88F3C4-43D1-4A00-AE61-BF9CC1D3C829}.Release|ARM64.ActiveCfg = Release|ARM64
		{3B88F3C4-43D1-4A00-AE61-BF9CC1D3C829}.Release|ARM64.Build.0 = Release|ARM64
		{3B88F3C4-43D1-4A00-AE61-BF9CC1D3C829}.Release|x64.ActiveCfg = Release|x64
		{3B88F3C4-43D1-4A00-AE61-BF9CC1D3C829}.Release|x64.Build.0 = Release|x64
		{DEB6AFE9-39FE-483A-BDF5-D131D94A457A}.Debug|AnyCPU.ActiveCfg = Debug|Any CPU
		{DEB6AFE9-39FE-483A-BDF5-D131D94A457A}.Debug|AnyCPU.Build.0 = Debug|Any CPU
		{DEB6AFE9-39FE-483A-BDF5-D131D94A457A}.Debug|ARM64.ActiveCfg = Debug|ARM64
		{DEB6AFE9-39FE-483A-BDF5-D131D94A457A}.Debug|ARM64.Build.0 = Debug|ARM64
		{DEB6AFE9-39FE-483A-BDF5-D131D94A457A}.Debug|x64.ActiveCfg = Debug|x64
		{DEB6AFE9-39FE-483A-BDF5-D131D94A457A}.Debug|x64.Build.0 = Debug|x64
		{DEB6AFE9-39FE-483A-BDF5-D131D94A457A}.Release|AnyCPU.ActiveCfg = Release|Any CPU
		{DEB6AFE9-39FE-483A-BDF5-D131D94A457A}.Release|AnyCPU.Build.0 = Release|Any CPU
		{DEB6AFE9-39FE-483A-BDF5-D131D94A457A}.Release|ARM64.ActiveCfg = Release|ARM64
		{DEB6AFE9-39FE-483A-BDF5-D131D94A457A}.Release|ARM64.Build.0 = Release|ARM64
		{DEB6AFE9-39FE-483A-BDF5-D131D94A457A}.Release|x64.ActiveCfg = Release|x64
		{DEB6AFE9-39FE-483A-BDF5-D131D94A457A}.Release|x64.Build.0 = Release|x64
		{FB3AEE75-DD26-47A4-95C7-8C8BD1705157}.Debug|AnyCPU.ActiveCfg = Debug|Any CPU
		{FB3AEE75-DD26-47A4-95C7-8C8BD1705157}.Debug|AnyCPU.Build.0 = Debug|Any CPU
		{FB3AEE75-DD26-47A4-95C7-8C8BD1705157}.Debug|ARM64.ActiveCfg = Debug|ARM64
		{FB3AEE75-DD26-47A4-95C7-8C8BD1705157}.Debug|ARM64.Build.0 = Debug|ARM64
		{FB3AEE75-DD26-47A4-95C7-8C8BD1705157}.Debug|x64.ActiveCfg = Debug|x64
		{FB3AEE75-DD26-47A4-95C7-8C8BD1705157}.Debug|x64.Build.0 = Debug|x64
		{FB3AEE75-DD26-47A4-95C7-8C8BD1705157}.Release|AnyCPU.ActiveCfg = Release|Any CPU
		{FB3AEE75-DD26-47A4-95C7-8C8BD1705157}.Release|AnyCPU.Build.0 = Release|Any CPU
		{FB3AEE75-DD26-47A4-95C7-8C8BD1705157}.Release|ARM64.ActiveCfg = Release|ARM64
		{FB3AEE75-DD26-47A4-95C7-8C8BD1705157}.Release|ARM64.Build.0 = Release|ARM64
		{FB3AEE75-DD26-47A4-95C7-8C8BD1705157}.Release|x64.ActiveCfg = Release|x64
		{FB3AEE75-DD26-47A4-95C7-8C8BD1705157}.Release|x64.Build.0 = Release|x64
		{DE6F2BA5-C3F7-43B6-8ED1-188F61AEB34C}.Debug|AnyCPU.ActiveCfg = Debug|Any CPU
		{DE6F2BA5-C3F7-43B6-8ED1-188F61AEB34C}.Debug|AnyCPU.Build.0 = Debug|Any CPU
		{DE6F2BA5-C3F7-43B6-8ED1-188F61AEB34C}.Debug|ARM64.ActiveCfg = Debug|ARM64
		{DE6F2BA5-C3F7-43B6-8ED1-188F61AEB34C}.Debug|ARM64.Build.0 = Debug|ARM64
		{DE6F2BA5-C3F7-43B6-8ED1-188F61AEB34C}.Debug|x64.ActiveCfg = Debug|x64
		{DE6F2BA5-C3F7-43B6-8ED1-188F61AEB34C}.Debug|x64.Build.0 = Debug|x64
		{DE6F2BA5-C3F7-43B6-8ED1-188F61AEB34C}.Release|AnyCPU.ActiveCfg = Release|Any CPU
		{DE6F2BA5-C3F7-43B6-8ED1-188F61AEB34C}.Release|AnyCPU.Build.0 = Release|Any CPU
		{DE6F2BA5-C3F7-43B6-8ED1-188F61AEB34C}.Release|ARM64.ActiveCfg = Release|ARM64
		{DE6F2BA5-C3F7-43B6-8ED1-188F61AEB34C}.Release|ARM64.Build.0 = Release|ARM64
		{DE6F2BA5-C3F7-43B6-8ED1-188F61AEB34C}.Release|x64.ActiveCfg = Release|x64
		{DE6F2BA5-C3F7-43B6-8ED1-188F61AEB34C}.Release|x64.Build.0 = Release|x64
		{BA76A182-523D-4363-8321-8CBD049DF6D4}.Debug|AnyCPU.ActiveCfg = Debug|Any CPU
		{BA76A182-523D-4363-8321-8CBD049DF6D4}.Debug|AnyCPU.Build.0 = Debug|Any CPU
		{BA76A182-523D-4363-8321-8CBD049DF6D4}.Debug|ARM64.ActiveCfg = Debug|ARM64
		{BA76A182-523D-4363-8321-8CBD049DF6D4}.Debug|ARM64.Build.0 = Debug|ARM64
		{BA76A182-523D-4363-8321-8CBD049DF6D4}.Debug|x64.ActiveCfg = Debug|x64
		{BA76A182-523D-4363-8321-8CBD049DF6D4}.Debug|x64.Build.0 = Debug|x64
		{BA76A182-523D-4363-8321-8CBD049DF6D4}.Release|AnyCPU.ActiveCfg = Release|Any CPU
		{BA76A182-523D-4363-8321-8CBD049DF6D4}.Release|AnyCPU.Build.0 = Release|Any CPU
		{BA76A182-523D-4363-8321-8CBD049DF6D4}.Release|ARM64.ActiveCfg = Release|ARM64
		{BA76A182-523D-4363-8321-8CBD049DF6D4}.Release|x64.ActiveCfg = Release|x64
		{BA76A182-523D-4363-8321-8CBD049DF6D4}.Release|x64.Build.0 = Release|x64
		{C1336A13-FF29-4503-84F2-B31C598C6095}.Debug|AnyCPU.ActiveCfg = Debug|Any CPU
		{C1336A13-FF29-4503-84F2-B31C598C6095}.Debug|AnyCPU.Build.0 = Debug|Any CPU
		{C1336A13-FF29-4503-84F2-B31C598C6095}.Debug|ARM64.ActiveCfg = Debug|ARM64
		{C1336A13-FF29-4503-84F2-B31C598C6095}.Debug|ARM64.Build.0 = Debug|ARM64
		{C1336A13-FF29-4503-84F2-B31C598C6095}.Debug|x64.ActiveCfg = Debug|x64
		{C1336A13-FF29-4503-84F2-B31C598C6095}.Debug|x64.Build.0 = Debug|x64
		{C1336A13-FF29-4503-84F2-B31C598C6095}.Release|AnyCPU.ActiveCfg = Release|Any CPU
		{C1336A13-FF29-4503-84F2-B31C598C6095}.Release|AnyCPU.Build.0 = Release|Any CPU
		{C1336A13-FF29-4503-84F2-B31C598C6095}.Release|ARM64.ActiveCfg = Release|ARM64
		{C1336A13-FF29-4503-84F2-B31C598C6095}.Release|ARM64.Build.0 = Release|ARM64
		{C1336A13-FF29-4503-84F2-B31C598C6095}.Release|x64.ActiveCfg = Release|x64
		{C1336A13-FF29-4503-84F2-B31C598C6095}.Release|x64.Build.0 = Release|x64
		{693EB886-2F07-49A4-844E-0ED44EDA1187}.Debug|AnyCPU.ActiveCfg = Debug|Any CPU
		{693EB886-2F07-49A4-844E-0ED44EDA1187}.Debug|AnyCPU.Build.0 = Debug|Any CPU
		{693EB886-2F07-49A4-844E-0ED44EDA1187}.Debug|ARM64.ActiveCfg = Debug|ARM64
		{693EB886-2F07-49A4-844E-0ED44EDA1187}.Debug|ARM64.Build.0 = Debug|ARM64
		{693EB886-2F07-49A4-844E-0ED44EDA1187}.Debug|x64.ActiveCfg = Debug|x64
		{693EB886-2F07-49A4-844E-0ED44EDA1187}.Debug|x64.Build.0 = Debug|x64
		{693EB886-2F07-49A4-844E-0ED44EDA1187}.Release|AnyCPU.ActiveCfg = Release|Any CPU
		{693EB886-2F07-49A4-844E-0ED44EDA1187}.Release|AnyCPU.Build.0 = Release|Any CPU
		{693EB886-2F07-49A4-844E-0ED44EDA1187}.Release|ARM64.ActiveCfg = Release|ARM64
		{693EB886-2F07-49A4-844E-0ED44EDA1187}.Release|ARM64.Build.0 = Release|ARM64
		{693EB886-2F07-49A4-844E-0ED44EDA1187}.Release|x64.ActiveCfg = Release|x64
		{693EB886-2F07-49A4-844E-0ED44EDA1187}.Release|x64.Build.0 = Release|x64
		{BE22633B-770B-4C23-9BB4-ABB963C98FD5}.Debug|AnyCPU.ActiveCfg = Debug|Any CPU
		{BE22633B-770B-4C23-9BB4-ABB963C98FD5}.Debug|AnyCPU.Build.0 = Debug|Any CPU
		{BE22633B-770B-4C23-9BB4-ABB963C98FD5}.Debug|ARM64.ActiveCfg = Debug|ARM64
		{BE22633B-770B-4C23-9BB4-ABB963C98FD5}.Debug|ARM64.Build.0 = Debug|ARM64
		{BE22633B-770B-4C23-9BB4-ABB963C98FD5}.Debug|x64.ActiveCfg = Debug|x64
		{BE22633B-770B-4C23-9BB4-ABB963C98FD5}.Debug|x64.Build.0 = Debug|x64
		{BE22633B-770B-4C23-9BB4-ABB963C98FD5}.Release|AnyCPU.ActiveCfg = Release|Any CPU
		{BE22633B-770B-4C23-9BB4-ABB963C98FD5}.Release|AnyCPU.Build.0 = Release|Any CPU
		{BE22633B-770B-4C23-9BB4-ABB963C98FD5}.Release|ARM64.ActiveCfg = Release|ARM64
		{BE22633B-770B-4C23-9BB4-ABB963C98FD5}.Release|x64.ActiveCfg = Release|x64
		{BE22633B-770B-4C23-9BB4-ABB963C98FD5}.Release|x64.Build.0 = Release|x64
		{616877F9-2D4F-466B-ADC8-911C9EE65078}.Debug|AnyCPU.ActiveCfg = Debug|Any CPU
		{616877F9-2D4F-466B-ADC8-911C9EE65078}.Debug|AnyCPU.Build.0 = Debug|Any CPU
		{616877F9-2D4F-466B-ADC8-911C9EE65078}.Debug|ARM64.ActiveCfg = Debug|ARM64
		{616877F9-2D4F-466B-ADC8-911C9EE65078}.Debug|ARM64.Build.0 = Debug|ARM64
		{616877F9-2D4F-466B-ADC8-911C9EE65078}.Debug|x64.ActiveCfg = Debug|x64
		{616877F9-2D4F-466B-ADC8-911C9EE65078}.Debug|x64.Build.0 = Debug|x64
		{616877F9-2D4F-466B-ADC8-911C9EE65078}.Release|AnyCPU.ActiveCfg = Release|Any CPU
		{616877F9-2D4F-466B-ADC8-911C9EE65078}.Release|AnyCPU.Build.0 = Release|Any CPU
		{616877F9-2D4F-466B-ADC8-911C9EE65078}.Release|ARM64.ActiveCfg = Release|ARM64
		{616877F9-2D4F-466B-ADC8-911C9EE65078}.Release|x64.ActiveCfg = Release|x64
		{616877F9-2D4F-466B-ADC8-911C9EE65078}.Release|x64.Build.0 = Release|x64
		{07FDC40F-4228-4F71-BF6E-53962E3848CA}.Debug|AnyCPU.ActiveCfg = Debug|Any CPU
		{07FDC40F-4228-4F71-BF6E-53962E3848CA}.Debug|AnyCPU.Build.0 = Debug|Any CPU
		{07FDC40F-4228-4F71-BF6E-53962E3848CA}.Debug|ARM64.ActiveCfg = Debug|ARM64
		{07FDC40F-4228-4F71-BF6E-53962E3848CA}.Debug|ARM64.Build.0 = Debug|ARM64
		{07FDC40F-4228-4F71-BF6E-53962E3848CA}.Debug|x64.ActiveCfg = Debug|x64
		{07FDC40F-4228-4F71-BF6E-53962E3848CA}.Debug|x64.Build.0 = Debug|x64
		{07FDC40F-4228-4F71-BF6E-53962E3848CA}.Release|AnyCPU.ActiveCfg = Release|Any CPU
		{07FDC40F-4228-4F71-BF6E-53962E3848CA}.Release|AnyCPU.Build.0 = Release|Any CPU
		{07FDC40F-4228-4F71-BF6E-53962E3848CA}.Release|ARM64.ActiveCfg = Release|ARM64
		{07FDC40F-4228-4F71-BF6E-53962E3848CA}.Release|ARM64.Build.0 = Release|ARM64
		{07FDC40F-4228-4F71-BF6E-53962E3848CA}.Release|x64.ActiveCfg = Release|x64
		{07FDC40F-4228-4F71-BF6E-53962E3848CA}.Release|x64.Build.0 = Release|x64
		{DD0EE902-88B7-4091-8742-7C1828F442E6}.Debug|AnyCPU.ActiveCfg = Debug|Any CPU
		{DD0EE902-88B7-4091-8742-7C1828F442E6}.Debug|AnyCPU.Build.0 = Debug|Any CPU
		{DD0EE902-88B7-4091-8742-7C1828F442E6}.Debug|ARM64.ActiveCfg = Debug|ARM64
		{DD0EE902-88B7-4091-8742-7C1828F442E6}.Debug|ARM64.Build.0 = Debug|ARM64
		{DD0EE902-88B7-4091-8742-7C1828F442E6}.Debug|x64.ActiveCfg = Debug|x64
		{DD0EE902-88B7-4091-8742-7C1828F442E6}.Debug|x64.Build.0 = Debug|x64
		{DD0EE902-88B7-4091-8742-7C1828F442E6}.Release|AnyCPU.ActiveCfg = Release|Any CPU
		{DD0EE902-88B7-4091-8742-7C1828F442E6}.Release|AnyCPU.Build.0 = Release|Any CPU
		{DD0EE902-88B7-4091-8742-7C1828F442E6}.Release|ARM64.ActiveCfg = Release|ARM64
		{DD0EE902-88B7-4091-8742-7C1828F442E6}.Release|x64.ActiveCfg = Release|x64
		{DD0EE902-88B7-4091-8742-7C1828F442E6}.Release|x64.Build.0 = Release|x64
		{F7F1BDEB-07F1-4A94-924C-0812195C3E78}.Debug|AnyCPU.ActiveCfg = Debug|Any CPU
		{F7F1BDEB-07F1-4A94-924C-0812195C3E78}.Debug|AnyCPU.Build.0 = Debug|Any CPU
		{F7F1BDEB-07F1-4A94-924C-0812195C3E78}.Debug|ARM64.ActiveCfg = Debug|ARM64
		{F7F1BDEB-07F1-4A94-924C-0812195C3E78}.Debug|ARM64.Build.0 = Debug|ARM64
		{F7F1BDEB-07F1-4A94-924C-0812195C3E78}.Debug|x64.ActiveCfg = Debug|x64
		{F7F1BDEB-07F1-4A94-924C-0812195C3E78}.Debug|x64.Build.0 = Debug|x64
		{F7F1BDEB-07F1-4A94-924C-0812195C3E78}.Release|AnyCPU.ActiveCfg = Release|Any CPU
		{F7F1BDEB-07F1-4A94-924C-0812195C3E78}.Release|AnyCPU.Build.0 = Release|Any CPU
		{F7F1BDEB-07F1-4A94-924C-0812195C3E78}.Release|ARM64.ActiveCfg = Release|ARM64
		{F7F1BDEB-07F1-4A94-924C-0812195C3E78}.Release|x64.ActiveCfg = Release|x64
		{F7F1BDEB-07F1-4A94-924C-0812195C3E78}.Release|x64.Build.0 = Release|x64
		{E22C4CF7-320A-4BC9-9696-FC171FB3E3BC}.Debug|AnyCPU.ActiveCfg = Debug|Any CPU
		{E22C4CF7-320A-4BC9-9696-FC171FB3E3BC}.Debug|AnyCPU.Build.0 = Debug|Any CPU
		{E22C4CF7-320A-4BC9-9696-FC171FB3E3BC}.Debug|ARM64.ActiveCfg = Debug|ARM64
		{E22C4CF7-320A-4BC9-9696-FC171FB3E3BC}.Debug|ARM64.Build.0 = Debug|ARM64
		{E22C4CF7-320A-4BC9-9696-FC171FB3E3BC}.Debug|x64.ActiveCfg = Debug|x64
		{E22C4CF7-320A-4BC9-9696-FC171FB3E3BC}.Debug|x64.Build.0 = Debug|x64
		{E22C4CF7-320A-4BC9-9696-FC171FB3E3BC}.Release|AnyCPU.ActiveCfg = Release|Any CPU
		{E22C4CF7-320A-4BC9-9696-FC171FB3E3BC}.Release|AnyCPU.Build.0 = Release|Any CPU
		{E22C4CF7-320A-4BC9-9696-FC171FB3E3BC}.Release|ARM64.ActiveCfg = Release|ARM64
		{E22C4CF7-320A-4BC9-9696-FC171FB3E3BC}.Release|ARM64.Build.0 = Release|ARM64
		{E22C4CF7-320A-4BC9-9696-FC171FB3E3BC}.Release|x64.ActiveCfg = Release|x64
		{E22C4CF7-320A-4BC9-9696-FC171FB3E3BC}.Release|x64.Build.0 = Release|x64
		{445991D0-49CE-475F-8953-62645D6C7C56}.Debug|AnyCPU.ActiveCfg = Debug|Any CPU
		{445991D0-49CE-475F-8953-62645D6C7C56}.Debug|AnyCPU.Build.0 = Debug|Any CPU
		{445991D0-49CE-475F-8953-62645D6C7C56}.Debug|ARM64.ActiveCfg = Debug|ARM64
		{445991D0-49CE-475F-8953-62645D6C7C56}.Debug|ARM64.Build.0 = Debug|ARM64
		{445991D0-49CE-475F-8953-62645D6C7C56}.Debug|x64.ActiveCfg = Debug|x64
		{445991D0-49CE-475F-8953-62645D6C7C56}.Debug|x64.Build.0 = Debug|x64
		{445991D0-49CE-475F-8953-62645D6C7C56}.Release|AnyCPU.ActiveCfg = Release|Any CPU
		{445991D0-49CE-475F-8953-62645D6C7C56}.Release|AnyCPU.Build.0 = Release|Any CPU
		{445991D0-49CE-475F-8953-62645D6C7C56}.Release|ARM64.ActiveCfg = Release|ARM64
		{445991D0-49CE-475F-8953-62645D6C7C56}.Release|x64.ActiveCfg = Release|x64
		{445991D0-49CE-475F-8953-62645D6C7C56}.Release|x64.Build.0 = Release|x64
		{609AAB65-FE31-4E93-A775-7F66D3B9A1C1}.Debug|AnyCPU.ActiveCfg = Debug|Any CPU
		{609AAB65-FE31-4E93-A775-7F66D3B9A1C1}.Debug|AnyCPU.Build.0 = Debug|Any CPU
		{609AAB65-FE31-4E93-A775-7F66D3B9A1C1}.Debug|ARM64.ActiveCfg = Debug|ARM64
		{609AAB65-FE31-4E93-A775-7F66D3B9A1C1}.Debug|ARM64.Build.0 = Debug|ARM64
		{609AAB65-FE31-4E93-A775-7F66D3B9A1C1}.Debug|x64.ActiveCfg = Debug|x64
		{609AAB65-FE31-4E93-A775-7F66D3B9A1C1}.Debug|x64.Build.0 = Debug|x64
		{609AAB65-FE31-4E93-A775-7F66D3B9A1C1}.Release|AnyCPU.ActiveCfg = Release|Any CPU
		{609AAB65-FE31-4E93-A775-7F66D3B9A1C1}.Release|AnyCPU.Build.0 = Release|Any CPU
		{609AAB65-FE31-4E93-A775-7F66D3B9A1C1}.Release|ARM64.ActiveCfg = Release|ARM64
		{609AAB65-FE31-4E93-A775-7F66D3B9A1C1}.Release|ARM64.Build.0 = Release|ARM64
		{609AAB65-FE31-4E93-A775-7F66D3B9A1C1}.Release|x64.ActiveCfg = Release|x64
		{609AAB65-FE31-4E93-A775-7F66D3B9A1C1}.Release|x64.Build.0 = Release|x64
		{E28B6A58-E0CF-49BE-93FC-2BDA5F8E1860}.Debug|AnyCPU.ActiveCfg = Debug|Any CPU
		{E28B6A58-E0CF-49BE-93FC-2BDA5F8E1860}.Debug|AnyCPU.Build.0 = Debug|Any CPU
		{E28B6A58-E0CF-49BE-93FC-2BDA5F8E1860}.Debug|ARM64.ActiveCfg = Debug|ARM64
		{E28B6A58-E0CF-49BE-93FC-2BDA5F8E1860}.Debug|ARM64.Build.0 = Debug|ARM64
		{E28B6A58-E0CF-49BE-93FC-2BDA5F8E1860}.Debug|x64.ActiveCfg = Debug|x64
		{E28B6A58-E0CF-49BE-93FC-2BDA5F8E1860}.Debug|x64.Build.0 = Debug|x64
		{E28B6A58-E0CF-49BE-93FC-2BDA5F8E1860}.Release|AnyCPU.ActiveCfg = Release|Any CPU
		{E28B6A58-E0CF-49BE-93FC-2BDA5F8E1860}.Release|AnyCPU.Build.0 = Release|Any CPU
		{E28B6A58-E0CF-49BE-93FC-2BDA5F8E1860}.Release|ARM64.ActiveCfg = Release|ARM64
		{E28B6A58-E0CF-49BE-93FC-2BDA5F8E1860}.Release|ARM64.Build.0 = Release|ARM64
		{E28B6A58-E0CF-49BE-93FC-2BDA5F8E1860}.Release|x64.ActiveCfg = Release|x64
		{E28B6A58-E0CF-49BE-93FC-2BDA5F8E1860}.Release|x64.Build.0 = Release|x64
		{33E60FAC-9885-40F2-A062-CFDA92841F9F}.Debug|AnyCPU.ActiveCfg = Debug|Any CPU
		{33E60FAC-9885-40F2-A062-CFDA92841F9F}.Debug|AnyCPU.Build.0 = Debug|Any CPU
		{33E60FAC-9885-40F2-A062-CFDA92841F9F}.Debug|ARM64.ActiveCfg = Debug|ARM64
		{33E60FAC-9885-40F2-A062-CFDA92841F9F}.Debug|ARM64.Build.0 = Debug|ARM64
		{33E60FAC-9885-40F2-A062-CFDA92841F9F}.Debug|x64.ActiveCfg = Debug|x64
		{33E60FAC-9885-40F2-A062-CFDA92841F9F}.Debug|x64.Build.0 = Debug|x64
		{33E60FAC-9885-40F2-A062-CFDA92841F9F}.Release|AnyCPU.ActiveCfg = Release|Any CPU
		{33E60FAC-9885-40F2-A062-CFDA92841F9F}.Release|AnyCPU.Build.0 = Release|Any CPU
		{33E60FAC-9885-40F2-A062-CFDA92841F9F}.Release|ARM64.ActiveCfg = Release|ARM64
		{33E60FAC-9885-40F2-A062-CFDA92841F9F}.Release|ARM64.Build.0 = Release|ARM64
		{33E60FAC-9885-40F2-A062-CFDA92841F9F}.Release|x64.ActiveCfg = Release|x64
		{33E60FAC-9885-40F2-A062-CFDA92841F9F}.Release|x64.Build.0 = Release|x64
		{02598DCC-9F87-4C30-979A-D13EA09E78B1}.Debug|AnyCPU.ActiveCfg = Debug|Any CPU
		{02598DCC-9F87-4C30-979A-D13EA09E78B1}.Debug|AnyCPU.Build.0 = Debug|Any CPU
		{02598DCC-9F87-4C30-979A-D13EA09E78B1}.Debug|ARM64.ActiveCfg = Debug|ARM64
		{02598DCC-9F87-4C30-979A-D13EA09E78B1}.Debug|ARM64.Build.0 = Debug|ARM64
		{02598DCC-9F87-4C30-979A-D13EA09E78B1}.Debug|x64.ActiveCfg = Debug|x64
		{02598DCC-9F87-4C30-979A-D13EA09E78B1}.Debug|x64.Build.0 = Debug|x64
		{02598DCC-9F87-4C30-979A-D13EA09E78B1}.Release|AnyCPU.ActiveCfg = Release|Any CPU
		{02598DCC-9F87-4C30-979A-D13EA09E78B1}.Release|AnyCPU.Build.0 = Release|Any CPU
		{02598DCC-9F87-4C30-979A-D13EA09E78B1}.Release|ARM64.ActiveCfg = Release|ARM64
		{02598DCC-9F87-4C30-979A-D13EA09E78B1}.Release|x64.ActiveCfg = Release|x64
		{02598DCC-9F87-4C30-979A-D13EA09E78B1}.Release|x64.Build.0 = Release|x64
		{50D94DCF-8905-4FD4-9B63-AC6A1922D714}.Debug|AnyCPU.ActiveCfg = Debug|Any CPU
		{50D94DCF-8905-4FD4-9B63-AC6A1922D714}.Debug|AnyCPU.Build.0 = Debug|Any CPU
		{50D94DCF-8905-4FD4-9B63-AC6A1922D714}.Debug|ARM64.ActiveCfg = Debug|ARM64
		{50D94DCF-8905-4FD4-9B63-AC6A1922D714}.Debug|ARM64.Build.0 = Debug|ARM64
		{50D94DCF-8905-4FD4-9B63-AC6A1922D714}.Debug|x64.ActiveCfg = Debug|x64
		{50D94DCF-8905-4FD4-9B63-AC6A1922D714}.Debug|x64.Build.0 = Debug|x64
		{50D94DCF-8905-4FD4-9B63-AC6A1922D714}.Release|AnyCPU.ActiveCfg = Release|Any CPU
		{50D94DCF-8905-4FD4-9B63-AC6A1922D714}.Release|AnyCPU.Build.0 = Release|Any CPU
		{50D94DCF-8905-4FD4-9B63-AC6A1922D714}.Release|ARM64.ActiveCfg = Release|ARM64
		{50D94DCF-8905-4FD4-9B63-AC6A1922D714}.Release|ARM64.Build.0 = Release|ARM64
		{50D94DCF-8905-4FD4-9B63-AC6A1922D714}.Release|x64.ActiveCfg = Release|x64
		{50D94DCF-8905-4FD4-9B63-AC6A1922D714}.Release|x64.Build.0 = Release|x64
		{56DE5174-344B-4C05-9814-132CEFB49A8A}.Debug|AnyCPU.ActiveCfg = Debug|Any CPU
		{56DE5174-344B-4C05-9814-132CEFB49A8A}.Debug|AnyCPU.Build.0 = Debug|Any CPU
		{56DE5174-344B-4C05-9814-132CEFB49A8A}.Debug|ARM64.ActiveCfg = Debug|ARM64
		{56DE5174-344B-4C05-9814-132CEFB49A8A}.Debug|ARM64.Build.0 = Debug|ARM64
		{56DE5174-344B-4C05-9814-132CEFB49A8A}.Debug|x64.ActiveCfg = Debug|x64
		{56DE5174-344B-4C05-9814-132CEFB49A8A}.Debug|x64.Build.0 = Debug|x64
		{56DE5174-344B-4C05-9814-132CEFB49A8A}.Release|AnyCPU.ActiveCfg = Release|Any CPU
		{56DE5174-344B-4C05-9814-132CEFB49A8A}.Release|AnyCPU.Build.0 = Release|Any CPU
		{56DE5174-344B-4C05-9814-132CEFB49A8A}.Release|ARM64.ActiveCfg = Release|ARM64
		{56DE5174-344B-4C05-9814-132CEFB49A8A}.Release|ARM64.Build.0 = Release|ARM64
		{56DE5174-344B-4C05-9814-132CEFB49A8A}.Release|x64.ActiveCfg = Release|x64
		{56DE5174-344B-4C05-9814-132CEFB49A8A}.Release|x64.Build.0 = Release|x64
		{84E8C5BB-9605-4A89-AE24-4B6BA4D5DBF2}.Debug|AnyCPU.ActiveCfg = Debug|Any CPU
		{84E8C5BB-9605-4A89-AE24-4B6BA4D5DBF2}.Debug|AnyCPU.Build.0 = Debug|Any CPU
		{84E8C5BB-9605-4A89-AE24-4B6BA4D5DBF2}.Debug|ARM64.ActiveCfg = Debug|ARM64
		{84E8C5BB-9605-4A89-AE24-4B6BA4D5DBF2}.Debug|ARM64.Build.0 = Debug|ARM64
		{84E8C5BB-9605-4A89-AE24-4B6BA4D5DBF2}.Debug|x64.ActiveCfg = Debug|x64
		{84E8C5BB-9605-4A89-AE24-4B6BA4D5DBF2}.Debug|x64.Build.0 = Debug|x64
		{84E8C5BB-9605-4A89-AE24-4B6BA4D5DBF2}.Release|AnyCPU.ActiveCfg = Release|Any CPU
		{84E8C5BB-9605-4A89-AE24-4B6BA4D5DBF2}.Release|AnyCPU.Build.0 = Release|Any CPU
		{84E8C5BB-9605-4A89-AE24-4B6BA4D5DBF2}.Release|ARM64.ActiveCfg = Release|ARM64
		{84E8C5BB-9605-4A89-AE24-4B6BA4D5DBF2}.Release|x64.ActiveCfg = Release|x64
		{84E8C5BB-9605-4A89-AE24-4B6BA4D5DBF2}.Release|x64.Build.0 = Release|x64
		{DB37061C-4BEA-4727-AC16-8BCEC757350A}.Debug|AnyCPU.ActiveCfg = Debug|Any CPU
		{DB37061C-4BEA-4727-AC16-8BCEC757350A}.Debug|AnyCPU.Build.0 = Debug|Any CPU
		{DB37061C-4BEA-4727-AC16-8BCEC757350A}.Debug|ARM64.ActiveCfg = Debug|ARM64
		{DB37061C-4BEA-4727-AC16-8BCEC757350A}.Debug|ARM64.Build.0 = Debug|ARM64
		{DB37061C-4BEA-4727-AC16-8BCEC757350A}.Debug|x64.ActiveCfg = Debug|x64
		{DB37061C-4BEA-4727-AC16-8BCEC757350A}.Debug|x64.Build.0 = Debug|x64
		{DB37061C-4BEA-4727-AC16-8BCEC757350A}.Release|AnyCPU.ActiveCfg = Release|Any CPU
		{DB37061C-4BEA-4727-AC16-8BCEC757350A}.Release|AnyCPU.Build.0 = Release|Any CPU
		{DB37061C-4BEA-4727-AC16-8BCEC757350A}.Release|ARM64.ActiveCfg = Release|ARM64
		{DB37061C-4BEA-4727-AC16-8BCEC757350A}.Release|ARM64.Build.0 = Release|ARM64
		{DB37061C-4BEA-4727-AC16-8BCEC757350A}.Release|x64.ActiveCfg = Release|x64
		{DB37061C-4BEA-4727-AC16-8BCEC757350A}.Release|x64.Build.0 = Release|x64
		{06966E14-C44F-4331-B313-8568C053F1EA}.Debug|AnyCPU.ActiveCfg = Debug|Any CPU
		{06966E14-C44F-4331-B313-8568C053F1EA}.Debug|AnyCPU.Build.0 = Debug|Any CPU
		{06966E14-C44F-4331-B313-8568C053F1EA}.Debug|ARM64.ActiveCfg = Debug|ARM64
		{06966E14-C44F-4331-B313-8568C053F1EA}.Debug|ARM64.Build.0 = Debug|ARM64
		{06966E14-C44F-4331-B313-8568C053F1EA}.Debug|x64.ActiveCfg = Debug|x64
		{06966E14-C44F-4331-B313-8568C053F1EA}.Debug|x64.Build.0 = Debug|x64
		{06966E14-C44F-4331-B313-8568C053F1EA}.Release|AnyCPU.ActiveCfg = Release|Any CPU
		{06966E14-C44F-4331-B313-8568C053F1EA}.Release|AnyCPU.Build.0 = Release|Any CPU
		{06966E14-C44F-4331-B313-8568C053F1EA}.Release|ARM64.ActiveCfg = Release|ARM64
		{06966E14-C44F-4331-B313-8568C053F1EA}.Release|ARM64.Build.0 = Release|ARM64
		{06966E14-C44F-4331-B313-8568C053F1EA}.Release|x64.ActiveCfg = Release|x64
		{06966E14-C44F-4331-B313-8568C053F1EA}.Release|x64.Build.0 = Release|x64
		{7BC99456-3207-4E11-9CCC-61DA360F375D}.Debug|AnyCPU.ActiveCfg = Debug|Any CPU
		{7BC99456-3207-4E11-9CCC-61DA360F375D}.Debug|AnyCPU.Build.0 = Debug|Any CPU
		{7BC99456-3207-4E11-9CCC-61DA360F375D}.Debug|ARM64.ActiveCfg = Debug|ARM64
		{7BC99456-3207-4E11-9CCC-61DA360F375D}.Debug|ARM64.Build.0 = Debug|ARM64
		{7BC99456-3207-4E11-9CCC-61DA360F375D}.Debug|x64.ActiveCfg = Debug|x64
		{7BC99456-3207-4E11-9CCC-61DA360F375D}.Debug|x64.Build.0 = Debug|x64
		{7BC99456-3207-4E11-9CCC-61DA360F375D}.Release|AnyCPU.ActiveCfg = Release|Any CPU
		{7BC99456-3207-4E11-9CCC-61DA360F375D}.Release|AnyCPU.Build.0 = Release|Any CPU
		{7BC99456-3207-4E11-9CCC-61DA360F375D}.Release|ARM64.ActiveCfg = Release|ARM64
		{7BC99456-3207-4E11-9CCC-61DA360F375D}.Release|ARM64.Build.0 = Release|ARM64
		{7BC99456-3207-4E11-9CCC-61DA360F375D}.Release|x64.ActiveCfg = Release|x64
		{7BC99456-3207-4E11-9CCC-61DA360F375D}.Release|x64.Build.0 = Release|x64
		{34D836A7-1BBF-4A4A-A4AB-EAB8510BF274}.Debug|AnyCPU.ActiveCfg = Debug|Any CPU
		{34D836A7-1BBF-4A4A-A4AB-EAB8510BF274}.Debug|AnyCPU.Build.0 = Debug|Any CPU
		{34D836A7-1BBF-4A4A-A4AB-EAB8510BF274}.Debug|ARM64.ActiveCfg = Debug|ARM64
		{34D836A7-1BBF-4A4A-A4AB-EAB8510BF274}.Debug|ARM64.Build.0 = Debug|ARM64
		{34D836A7-1BBF-4A4A-A4AB-EAB8510BF274}.Debug|x64.ActiveCfg = Debug|x64
		{34D836A7-1BBF-4A4A-A4AB-EAB8510BF274}.Debug|x64.Build.0 = Debug|x64
		{34D836A7-1BBF-4A4A-A4AB-EAB8510BF274}.Release|AnyCPU.ActiveCfg = Release|Any CPU
		{34D836A7-1BBF-4A4A-A4AB-EAB8510BF274}.Release|AnyCPU.Build.0 = Release|Any CPU
		{34D836A7-1BBF-4A4A-A4AB-EAB8510BF274}.Release|ARM64.ActiveCfg = Release|ARM64
		{34D836A7-1BBF-4A4A-A4AB-EAB8510BF274}.Release|x64.ActiveCfg = Release|x64
		{34D836A7-1BBF-4A4A-A4AB-EAB8510BF274}.Release|x64.Build.0 = Release|x64
		{DAAD538C-DB26-431C-BED5-178F86C19C59}.Debug|AnyCPU.ActiveCfg = Debug|Any CPU
		{DAAD538C-DB26-431C-BED5-178F86C19C59}.Debug|AnyCPU.Build.0 = Debug|Any CPU
		{DAAD538C-DB26-431C-BED5-178F86C19C59}.Debug|ARM64.ActiveCfg = Debug|ARM64
		{DAAD538C-DB26-431C-BED5-178F86C19C59}.Debug|ARM64.Build.0 = Debug|ARM64
		{DAAD538C-DB26-431C-BED5-178F86C19C59}.Debug|x64.ActiveCfg = Debug|x64
		{DAAD538C-DB26-431C-BED5-178F86C19C59}.Debug|x64.Build.0 = Debug|x64
		{DAAD538C-DB26-431C-BED5-178F86C19C59}.Release|AnyCPU.ActiveCfg = Release|Any CPU
		{DAAD538C-DB26-431C-BED5-178F86C19C59}.Release|AnyCPU.Build.0 = Release|Any CPU
		{DAAD538C-DB26-431C-BED5-178F86C19C59}.Release|ARM64.ActiveCfg = Release|ARM64
		{DAAD538C-DB26-431C-BED5-178F86C19C59}.Release|x64.ActiveCfg = Release|x64
		{DAAD538C-DB26-431C-BED5-178F86C19C59}.Release|x64.Build.0 = Release|x64
		{FD0A0990-1E58-42F0-99E3-FBB38F8CE4DD}.Debug|AnyCPU.ActiveCfg = Debug|Any CPU
		{FD0A0990-1E58-42F0-99E3-FBB38F8CE4DD}.Debug|AnyCPU.Build.0 = Debug|Any CPU
		{FD0A0990-1E58-42F0-99E3-FBB38F8CE4DD}.Debug|ARM64.ActiveCfg = Debug|ARM64
		{FD0A0990-1E58-42F0-99E3-FBB38F8CE4DD}.Debug|ARM64.Build.0 = Debug|ARM64
		{FD0A0990-1E58-42F0-99E3-FBB38F8CE4DD}.Debug|x64.ActiveCfg = Debug|x64
		{FD0A0990-1E58-42F0-99E3-FBB38F8CE4DD}.Debug|x64.Build.0 = Debug|x64
		{FD0A0990-1E58-42F0-99E3-FBB38F8CE4DD}.Release|AnyCPU.ActiveCfg = Release|Any CPU
		{FD0A0990-1E58-42F0-99E3-FBB38F8CE4DD}.Release|AnyCPU.Build.0 = Release|Any CPU
		{FD0A0990-1E58-42F0-99E3-FBB38F8CE4DD}.Release|ARM64.ActiveCfg = Release|ARM64
		{FD0A0990-1E58-42F0-99E3-FBB38F8CE4DD}.Release|x64.ActiveCfg = Release|x64
		{FD0A0990-1E58-42F0-99E3-FBB38F8CE4DD}.Release|x64.Build.0 = Release|x64
		{F5B18163-D855-4141-99F2-9A22287FE82A}.Debug|AnyCPU.ActiveCfg = Debug|Any CPU
		{F5B18163-D855-4141-99F2-9A22287FE82A}.Debug|AnyCPU.Build.0 = Debug|Any CPU
		{F5B18163-D855-4141-99F2-9A22287FE82A}.Debug|ARM64.ActiveCfg = Debug|ARM64
		{F5B18163-D855-4141-99F2-9A22287FE82A}.Debug|ARM64.Build.0 = Debug|ARM64
		{F5B18163-D855-4141-99F2-9A22287FE82A}.Debug|x64.ActiveCfg = Debug|x64
		{F5B18163-D855-4141-99F2-9A22287FE82A}.Debug|x64.Build.0 = Debug|x64
		{F5B18163-D855-4141-99F2-9A22287FE82A}.Release|AnyCPU.ActiveCfg = Release|Any CPU
		{F5B18163-D855-4141-99F2-9A22287FE82A}.Release|AnyCPU.Build.0 = Release|Any CPU
		{F5B18163-D855-4141-99F2-9A22287FE82A}.Release|ARM64.ActiveCfg = Release|ARM64
		{F5B18163-D855-4141-99F2-9A22287FE82A}.Release|x64.ActiveCfg = Release|x64
		{F5B18163-D855-4141-99F2-9A22287FE82A}.Release|x64.Build.0 = Release|x64
		{A605FCCC-B981-47C1-A3AA-2AD3339BCEE5}.Debug|AnyCPU.ActiveCfg = Debug|Any CPU
		{A605FCCC-B981-47C1-A3AA-2AD3339BCEE5}.Debug|AnyCPU.Build.0 = Debug|Any CPU
		{A605FCCC-B981-47C1-A3AA-2AD3339BCEE5}.Debug|ARM64.ActiveCfg = Debug|ARM64
		{A605FCCC-B981-47C1-A3AA-2AD3339BCEE5}.Debug|ARM64.Build.0 = Debug|ARM64
		{A605FCCC-B981-47C1-A3AA-2AD3339BCEE5}.Debug|x64.ActiveCfg = Debug|x64
		{A605FCCC-B981-47C1-A3AA-2AD3339BCEE5}.Debug|x64.Build.0 = Debug|x64
		{A605FCCC-B981-47C1-A3AA-2AD3339BCEE5}.Release|AnyCPU.ActiveCfg = Release|Any CPU
		{A605FCCC-B981-47C1-A3AA-2AD3339BCEE5}.Release|AnyCPU.Build.0 = Release|Any CPU
		{A605FCCC-B981-47C1-A3AA-2AD3339BCEE5}.Release|ARM64.ActiveCfg = Release|ARM64
		{A605FCCC-B981-47C1-A3AA-2AD3339BCEE5}.Release|x64.ActiveCfg = Release|x64
		{A605FCCC-B981-47C1-A3AA-2AD3339BCEE5}.Release|x64.Build.0 = Release|x64
		{1EE21434-E77A-41FD-AC47-2B41BD2FC389}.Debug|AnyCPU.ActiveCfg = Debug|Any CPU
		{1EE21434-E77A-41FD-AC47-2B41BD2FC389}.Debug|AnyCPU.Build.0 = Debug|Any CPU
		{1EE21434-E77A-41FD-AC47-2B41BD2FC389}.Debug|ARM64.ActiveCfg = Debug|ARM64
		{1EE21434-E77A-41FD-AC47-2B41BD2FC389}.Debug|ARM64.Build.0 = Debug|ARM64
		{1EE21434-E77A-41FD-AC47-2B41BD2FC389}.Debug|x64.ActiveCfg = Debug|x64
		{1EE21434-E77A-41FD-AC47-2B41BD2FC389}.Debug|x64.Build.0 = Debug|x64
		{1EE21434-E77A-41FD-AC47-2B41BD2FC389}.Release|AnyCPU.ActiveCfg = Release|Any CPU
		{1EE21434-E77A-41FD-AC47-2B41BD2FC389}.Release|AnyCPU.Build.0 = Release|Any CPU
		{1EE21434-E77A-41FD-AC47-2B41BD2FC389}.Release|ARM64.ActiveCfg = Release|ARM64
		{1EE21434-E77A-41FD-AC47-2B41BD2FC389}.Release|ARM64.Build.0 = Release|ARM64
		{1EE21434-E77A-41FD-AC47-2B41BD2FC389}.Release|x64.ActiveCfg = Release|x64
		{1EE21434-E77A-41FD-AC47-2B41BD2FC389}.Release|x64.Build.0 = Release|x64
		{9606EA2B-E8AD-44FA-AF0F-6646235F0424}.Debug|AnyCPU.ActiveCfg = Debug|Any CPU
		{9606EA2B-E8AD-44FA-AF0F-6646235F0424}.Debug|AnyCPU.Build.0 = Debug|Any CPU
		{9606EA2B-E8AD-44FA-AF0F-6646235F0424}.Debug|ARM64.ActiveCfg = Debug|ARM64
		{9606EA2B-E8AD-44FA-AF0F-6646235F0424}.Debug|ARM64.Build.0 = Debug|ARM64
		{9606EA2B-E8AD-44FA-AF0F-6646235F0424}.Debug|x64.ActiveCfg = Debug|x64
		{9606EA2B-E8AD-44FA-AF0F-6646235F0424}.Debug|x64.Build.0 = Debug|x64
		{9606EA2B-E8AD-44FA-AF0F-6646235F0424}.Release|AnyCPU.ActiveCfg = Release|Any CPU
		{9606EA2B-E8AD-44FA-AF0F-6646235F0424}.Release|AnyCPU.Build.0 = Release|Any CPU
		{9606EA2B-E8AD-44FA-AF0F-6646235F0424}.Release|ARM64.ActiveCfg = Release|ARM64
		{9606EA2B-E8AD-44FA-AF0F-6646235F0424}.Release|ARM64.Build.0 = Release|ARM64
		{9606EA2B-E8AD-44FA-AF0F-6646235F0424}.Release|x64.ActiveCfg = Release|x64
		{9606EA2B-E8AD-44FA-AF0F-6646235F0424}.Release|x64.Build.0 = Release|x64
		{30DC5351-CD23-4C15-AEC3-5A861B7B1F19}.Debug|AnyCPU.ActiveCfg = Debug|Any CPU
		{30DC5351-CD23-4C15-AEC3-5A861B7B1F19}.Debug|AnyCPU.Build.0 = Debug|Any CPU
		{30DC5351-CD23-4C15-AEC3-5A861B7B1F19}.Debug|ARM64.ActiveCfg = Debug|ARM64
		{30DC5351-CD23-4C15-AEC3-5A861B7B1F19}.Debug|ARM64.Build.0 = Debug|ARM64
		{30DC5351-CD23-4C15-AEC3-5A861B7B1F19}.Debug|x64.ActiveCfg = Debug|x64
		{30DC5351-CD23-4C15-AEC3-5A861B7B1F19}.Debug|x64.Build.0 = Debug|x64
		{30DC5351-CD23-4C15-AEC3-5A861B7B1F19}.Release|AnyCPU.ActiveCfg = Release|Any CPU
		{30DC5351-CD23-4C15-AEC3-5A861B7B1F19}.Release|AnyCPU.Build.0 = Release|Any CPU
		{30DC5351-CD23-4C15-AEC3-5A861B7B1F19}.Release|ARM64.ActiveCfg = Release|ARM64
		{30DC5351-CD23-4C15-AEC3-5A861B7B1F19}.Release|ARM64.Build.0 = Release|ARM64
		{30DC5351-CD23-4C15-AEC3-5A861B7B1F19}.Release|x64.ActiveCfg = Release|x64
		{30DC5351-CD23-4C15-AEC3-5A861B7B1F19}.Release|x64.Build.0 = Release|x64
		{2412EB29-B91B-4C3D-9570-789691788F41}.Debug|AnyCPU.ActiveCfg = Debug|Any CPU
		{2412EB29-B91B-4C3D-9570-789691788F41}.Debug|AnyCPU.Build.0 = Debug|Any CPU
		{2412EB29-B91B-4C3D-9570-789691788F41}.Debug|ARM64.ActiveCfg = Debug|ARM64
		{2412EB29-B91B-4C3D-9570-789691788F41}.Debug|ARM64.Build.0 = Debug|ARM64
		{2412EB29-B91B-4C3D-9570-789691788F41}.Debug|x64.ActiveCfg = Debug|x64
		{2412EB29-B91B-4C3D-9570-789691788F41}.Debug|x64.Build.0 = Debug|x64
		{2412EB29-B91B-4C3D-9570-789691788F41}.Release|AnyCPU.ActiveCfg = Release|Any CPU
		{2412EB29-B91B-4C3D-9570-789691788F41}.Release|AnyCPU.Build.0 = Release|Any CPU
		{2412EB29-B91B-4C3D-9570-789691788F41}.Release|ARM64.ActiveCfg = Release|ARM64
		{2412EB29-B91B-4C3D-9570-789691788F41}.Release|ARM64.Build.0 = Release|ARM64
		{2412EB29-B91B-4C3D-9570-789691788F41}.Release|x64.ActiveCfg = Release|x64
		{2412EB29-B91B-4C3D-9570-789691788F41}.Release|x64.Build.0 = Release|x64
		{2D173140-2F8F-4E2E-AFB6-8F75183D6EBC}.Debug|AnyCPU.ActiveCfg = Debug|Any CPU
		{2D173140-2F8F-4E2E-AFB6-8F75183D6EBC}.Debug|AnyCPU.Build.0 = Debug|Any CPU
		{2D173140-2F8F-4E2E-AFB6-8F75183D6EBC}.Debug|ARM64.ActiveCfg = Debug|ARM64
		{2D173140-2F8F-4E2E-AFB6-8F75183D6EBC}.Debug|ARM64.Build.0 = Debug|ARM64
		{2D173140-2F8F-4E2E-AFB6-8F75183D6EBC}.Debug|x64.ActiveCfg = Debug|x64
		{2D173140-2F8F-4E2E-AFB6-8F75183D6EBC}.Debug|x64.Build.0 = Debug|x64
		{2D173140-2F8F-4E2E-AFB6-8F75183D6EBC}.Release|AnyCPU.ActiveCfg = Release|Any CPU
		{2D173140-2F8F-4E2E-AFB6-8F75183D6EBC}.Release|AnyCPU.Build.0 = Release|Any CPU
		{2D173140-2F8F-4E2E-AFB6-8F75183D6EBC}.Release|ARM64.ActiveCfg = Release|ARM64
		{2D173140-2F8F-4E2E-AFB6-8F75183D6EBC}.Release|x64.ActiveCfg = Release|x64
		{2D173140-2F8F-4E2E-AFB6-8F75183D6EBC}.Release|x64.Build.0 = Release|x64
		{37C75C06-BB47-475E-AF9D-0691DBC24003}.Debug|AnyCPU.ActiveCfg = Debug|Any CPU
		{37C75C06-BB47-475E-AF9D-0691DBC24003}.Debug|AnyCPU.Build.0 = Debug|Any CPU
		{37C75C06-BB47-475E-AF9D-0691DBC24003}.Debug|ARM64.ActiveCfg = Debug|ARM64
		{37C75C06-BB47-475E-AF9D-0691DBC24003}.Debug|ARM64.Build.0 = Debug|ARM64
		{37C75C06-BB47-475E-AF9D-0691DBC24003}.Debug|x64.ActiveCfg = Debug|x64
		{37C75C06-BB47-475E-AF9D-0691DBC24003}.Debug|x64.Build.0 = Debug|x64
		{37C75C06-BB47-475E-AF9D-0691DBC24003}.Release|AnyCPU.ActiveCfg = Release|Any CPU
		{37C75C06-BB47-475E-AF9D-0691DBC24003}.Release|AnyCPU.Build.0 = Release|Any CPU
		{37C75C06-BB47-475E-AF9D-0691DBC24003}.Release|ARM64.ActiveCfg = Release|ARM64
		{37C75C06-BB47-475E-AF9D-0691DBC24003}.Release|x64.ActiveCfg = Release|x64
		{37C75C06-BB47-475E-AF9D-0691DBC24003}.Release|x64.Build.0 = Release|x64
		{D07A485C-1D03-44EF-A9D6-FE1E198F42EA}.Debug|AnyCPU.ActiveCfg = Debug|Any CPU
		{D07A485C-1D03-44EF-A9D6-FE1E198F42EA}.Debug|AnyCPU.Build.0 = Debug|Any CPU
		{D07A485C-1D03-44EF-A9D6-FE1E198F42EA}.Debug|ARM64.ActiveCfg = Debug|ARM64
		{D07A485C-1D03-44EF-A9D6-FE1E198F42EA}.Debug|ARM64.Build.0 = Debug|ARM64
		{D07A485C-1D03-44EF-A9D6-FE1E198F42EA}.Debug|x64.ActiveCfg = Debug|x64
		{D07A485C-1D03-44EF-A9D6-FE1E198F42EA}.Debug|x64.Build.0 = Debug|x64
		{D07A485C-1D03-44EF-A9D6-FE1E198F42EA}.Release|AnyCPU.ActiveCfg = Release|Any CPU
		{D07A485C-1D03-44EF-A9D6-FE1E198F42EA}.Release|AnyCPU.Build.0 = Release|Any CPU
		{D07A485C-1D03-44EF-A9D6-FE1E198F42EA}.Release|ARM64.ActiveCfg = Release|ARM64
		{D07A485C-1D03-44EF-A9D6-FE1E198F42EA}.Release|ARM64.Build.0 = Release|ARM64
		{D07A485C-1D03-44EF-A9D6-FE1E198F42EA}.Release|x64.ActiveCfg = Release|x64
		{D07A485C-1D03-44EF-A9D6-FE1E198F42EA}.Release|x64.Build.0 = Release|x64
		{46C573B6-81D1-4509-9D8C-D5C4F391773B}.Debug|AnyCPU.ActiveCfg = Debug|Any CPU
		{46C573B6-81D1-4509-9D8C-D5C4F391773B}.Debug|AnyCPU.Build.0 = Debug|Any CPU
		{46C573B6-81D1-4509-9D8C-D5C4F391773B}.Debug|ARM64.ActiveCfg = Debug|ARM64
		{46C573B6-81D1-4509-9D8C-D5C4F391773B}.Debug|ARM64.Build.0 = Debug|ARM64
		{46C573B6-81D1-4509-9D8C-D5C4F391773B}.Debug|x64.ActiveCfg = Debug|x64
		{46C573B6-81D1-4509-9D8C-D5C4F391773B}.Debug|x64.Build.0 = Debug|x64
		{46C573B6-81D1-4509-9D8C-D5C4F391773B}.Release|AnyCPU.ActiveCfg = Release|Any CPU
		{46C573B6-81D1-4509-9D8C-D5C4F391773B}.Release|AnyCPU.Build.0 = Release|Any CPU
		{46C573B6-81D1-4509-9D8C-D5C4F391773B}.Release|ARM64.ActiveCfg = Release|ARM64
		{46C573B6-81D1-4509-9D8C-D5C4F391773B}.Release|x64.ActiveCfg = Release|x64
		{46C573B6-81D1-4509-9D8C-D5C4F391773B}.Release|x64.Build.0 = Release|x64
		{50D22662-6325-46D8-B15E-0547ACD904DB}.Debug|AnyCPU.ActiveCfg = Debug|Any CPU
		{50D22662-6325-46D8-B15E-0547ACD904DB}.Debug|AnyCPU.Build.0 = Debug|Any CPU
		{50D22662-6325-46D8-B15E-0547ACD904DB}.Debug|ARM64.ActiveCfg = Debug|ARM64
		{50D22662-6325-46D8-B15E-0547ACD904DB}.Debug|ARM64.Build.0 = Debug|ARM64
		{50D22662-6325-46D8-B15E-0547ACD904DB}.Debug|x64.ActiveCfg = Debug|x64
		{50D22662-6325-46D8-B15E-0547ACD904DB}.Debug|x64.Build.0 = Debug|x64
		{50D22662-6325-46D8-B15E-0547ACD904DB}.Release|AnyCPU.ActiveCfg = Release|Any CPU
		{50D22662-6325-46D8-B15E-0547ACD904DB}.Release|AnyCPU.Build.0 = Release|Any CPU
		{50D22662-6325-46D8-B15E-0547ACD904DB}.Release|ARM64.ActiveCfg = Release|ARM64
		{50D22662-6325-46D8-B15E-0547ACD904DB}.Release|ARM64.Build.0 = Release|ARM64
		{50D22662-6325-46D8-B15E-0547ACD904DB}.Release|x64.ActiveCfg = Release|x64
		{50D22662-6325-46D8-B15E-0547ACD904DB}.Release|x64.Build.0 = Release|x64
		{6E196D0F-1A77-417A-BE7D-57A8E1592067}.Debug|AnyCPU.ActiveCfg = Debug|Any CPU
		{6E196D0F-1A77-417A-BE7D-57A8E1592067}.Debug|AnyCPU.Build.0 = Debug|Any CPU
		{6E196D0F-1A77-417A-BE7D-57A8E1592067}.Debug|ARM64.ActiveCfg = Debug|ARM64
		{6E196D0F-1A77-417A-BE7D-57A8E1592067}.Debug|ARM64.Build.0 = Debug|ARM64
		{6E196D0F-1A77-417A-BE7D-57A8E1592067}.Debug|x64.ActiveCfg = Debug|x64
		{6E196D0F-1A77-417A-BE7D-57A8E1592067}.Debug|x64.Build.0 = Debug|x64
		{6E196D0F-1A77-417A-BE7D-57A8E1592067}.Release|AnyCPU.ActiveCfg = Release|Any CPU
		{6E196D0F-1A77-417A-BE7D-57A8E1592067}.Release|AnyCPU.Build.0 = Release|Any CPU
		{6E196D0F-1A77-417A-BE7D-57A8E1592067}.Release|ARM64.ActiveCfg = Release|ARM64
		{6E196D0F-1A77-417A-BE7D-57A8E1592067}.Release|x64.ActiveCfg = Release|x64
		{6E196D0F-1A77-417A-BE7D-57A8E1592067}.Release|x64.Build.0 = Release|x64
		{D34623E2-8A09-46F9-BB79-B893F2F448B6}.Debug|AnyCPU.ActiveCfg = Debug|Any CPU
		{D34623E2-8A09-46F9-BB79-B893F2F448B6}.Debug|AnyCPU.Build.0 = Debug|Any CPU
		{D34623E2-8A09-46F9-BB79-B893F2F448B6}.Debug|ARM64.ActiveCfg = Debug|ARM64
		{D34623E2-8A09-46F9-BB79-B893F2F448B6}.Debug|ARM64.Build.0 = Debug|ARM64
		{D34623E2-8A09-46F9-BB79-B893F2F448B6}.Debug|x64.ActiveCfg = Debug|x64
		{D34623E2-8A09-46F9-BB79-B893F2F448B6}.Debug|x64.Build.0 = Debug|x64
		{D34623E2-8A09-46F9-BB79-B893F2F448B6}.Release|AnyCPU.ActiveCfg = Release|Any CPU
		{D34623E2-8A09-46F9-BB79-B893F2F448B6}.Release|AnyCPU.Build.0 = Release|Any CPU
		{D34623E2-8A09-46F9-BB79-B893F2F448B6}.Release|ARM64.ActiveCfg = Release|ARM64
		{D34623E2-8A09-46F9-BB79-B893F2F448B6}.Release|x64.ActiveCfg = Release|x64
		{D34623E2-8A09-46F9-BB79-B893F2F448B6}.Release|x64.Build.0 = Release|x64
		{E5C42321-4316-45AC-98D2-8E1B725370F9}.Debug|AnyCPU.ActiveCfg = Debug|Any CPU
		{E5C42321-4316-45AC-98D2-8E1B725370F9}.Debug|AnyCPU.Build.0 = Debug|Any CPU
		{E5C42321-4316-45AC-98D2-8E1B725370F9}.Debug|ARM64.ActiveCfg = Debug|ARM64
		{E5C42321-4316-45AC-98D2-8E1B725370F9}.Debug|ARM64.Build.0 = Debug|ARM64
		{E5C42321-4316-45AC-98D2-8E1B725370F9}.Debug|x64.ActiveCfg = Debug|x64
		{E5C42321-4316-45AC-98D2-8E1B725370F9}.Debug|x64.Build.0 = Debug|x64
		{E5C42321-4316-45AC-98D2-8E1B725370F9}.Release|AnyCPU.ActiveCfg = Release|Any CPU
		{E5C42321-4316-45AC-98D2-8E1B725370F9}.Release|AnyCPU.Build.0 = Release|Any CPU
		{E5C42321-4316-45AC-98D2-8E1B725370F9}.Release|ARM64.ActiveCfg = Release|ARM64
		{E5C42321-4316-45AC-98D2-8E1B725370F9}.Release|ARM64.Build.0 = Release|ARM64
		{E5C42321-4316-45AC-98D2-8E1B725370F9}.Release|x64.ActiveCfg = Release|x64
		{E5C42321-4316-45AC-98D2-8E1B725370F9}.Release|x64.Build.0 = Release|x64
		{D128F9FF-4C32-4695-BC97-961BF8868935}.Debug|AnyCPU.ActiveCfg = Debug|Any CPU
		{D128F9FF-4C32-4695-BC97-961BF8868935}.Debug|AnyCPU.Build.0 = Debug|Any CPU
		{D128F9FF-4C32-4695-BC97-961BF8868935}.Debug|ARM64.ActiveCfg = Debug|ARM64
		{D128F9FF-4C32-4695-BC97-961BF8868935}.Debug|ARM64.Build.0 = Debug|ARM64
		{D128F9FF-4C32-4695-BC97-961BF8868935}.Debug|x64.ActiveCfg = Debug|x64
		{D128F9FF-4C32-4695-BC97-961BF8868935}.Debug|x64.Build.0 = Debug|x64
		{D128F9FF-4C32-4695-BC97-961BF8868935}.Release|AnyCPU.ActiveCfg = Release|Any CPU
		{D128F9FF-4C32-4695-BC97-961BF8868935}.Release|AnyCPU.Build.0 = Release|Any CPU
		{D128F9FF-4C32-4695-BC97-961BF8868935}.Release|ARM64.ActiveCfg = Release|ARM64
		{D128F9FF-4C32-4695-BC97-961BF8868935}.Release|ARM64.Build.0 = Release|ARM64
		{D128F9FF-4C32-4695-BC97-961BF8868935}.Release|x64.ActiveCfg = Release|x64
		{D128F9FF-4C32-4695-BC97-961BF8868935}.Release|x64.Build.0 = Release|x64
		{D5BEAE1C-2BF8-4B9C-9440-3EBCBE2E52DB}.Debug|AnyCPU.ActiveCfg = Debug|Any CPU
		{D5BEAE1C-2BF8-4B9C-9440-3EBCBE2E52DB}.Debug|AnyCPU.Build.0 = Debug|Any CPU
		{D5BEAE1C-2BF8-4B9C-9440-3EBCBE2E52DB}.Debug|ARM64.ActiveCfg = Debug|ARM64
		{D5BEAE1C-2BF8-4B9C-9440-3EBCBE2E52DB}.Debug|ARM64.Build.0 = Debug|ARM64
		{D5BEAE1C-2BF8-4B9C-9440-3EBCBE2E52DB}.Debug|x64.ActiveCfg = Debug|x64
		{D5BEAE1C-2BF8-4B9C-9440-3EBCBE2E52DB}.Debug|x64.Build.0 = Debug|x64
		{D5BEAE1C-2BF8-4B9C-9440-3EBCBE2E52DB}.Release|AnyCPU.ActiveCfg = Release|Any CPU
		{D5BEAE1C-2BF8-4B9C-9440-3EBCBE2E52DB}.Release|AnyCPU.Build.0 = Release|Any CPU
		{D5BEAE1C-2BF8-4B9C-9440-3EBCBE2E52DB}.Release|ARM64.ActiveCfg = Release|ARM64
		{D5BEAE1C-2BF8-4B9C-9440-3EBCBE2E52DB}.Release|x64.ActiveCfg = Release|x64
		{D5BEAE1C-2BF8-4B9C-9440-3EBCBE2E52DB}.Release|x64.Build.0 = Release|x64
		{75B7AE96-8655-405C-BA29-DAA32C92B788}.Debug|AnyCPU.ActiveCfg = Debug|Any CPU
		{75B7AE96-8655-405C-BA29-DAA32C92B788}.Debug|AnyCPU.Build.0 = Debug|Any CPU
		{75B7AE96-8655-405C-BA29-DAA32C92B788}.Debug|ARM64.ActiveCfg = Debug|ARM64
		{75B7AE96-8655-405C-BA29-DAA32C92B788}.Debug|ARM64.Build.0 = Debug|ARM64
		{75B7AE96-8655-405C-BA29-DAA32C92B788}.Debug|x64.ActiveCfg = Debug|x64
		{75B7AE96-8655-405C-BA29-DAA32C92B788}.Debug|x64.Build.0 = Debug|x64
		{75B7AE96-8655-405C-BA29-DAA32C92B788}.Release|AnyCPU.ActiveCfg = Release|Any CPU
		{75B7AE96-8655-405C-BA29-DAA32C92B788}.Release|AnyCPU.Build.0 = Release|Any CPU
		{75B7AE96-8655-405C-BA29-DAA32C92B788}.Release|ARM64.ActiveCfg = Release|ARM64
		{75B7AE96-8655-405C-BA29-DAA32C92B788}.Release|x64.ActiveCfg = Release|x64
		{75B7AE96-8655-405C-BA29-DAA32C92B788}.Release|x64.Build.0 = Release|x64
		{8F7095F5-468C-4969-9175-29449EF261FC}.Debug|AnyCPU.ActiveCfg = Debug|Any CPU
		{8F7095F5-468C-4969-9175-29449EF261FC}.Debug|AnyCPU.Build.0 = Debug|Any CPU
		{8F7095F5-468C-4969-9175-29449EF261FC}.Debug|ARM64.ActiveCfg = Debug|ARM64
		{8F7095F5-468C-4969-9175-29449EF261FC}.Debug|ARM64.Build.0 = Debug|ARM64
		{8F7095F5-468C-4969-9175-29449EF261FC}.Debug|x64.ActiveCfg = Debug|x64
		{8F7095F5-468C-4969-9175-29449EF261FC}.Debug|x64.Build.0 = Debug|x64
		{8F7095F5-468C-4969-9175-29449EF261FC}.Release|AnyCPU.ActiveCfg = Release|Any CPU
		{8F7095F5-468C-4969-9175-29449EF261FC}.Release|AnyCPU.Build.0 = Release|Any CPU
		{8F7095F5-468C-4969-9175-29449EF261FC}.Release|ARM64.ActiveCfg = Release|ARM64
		{8F7095F5-468C-4969-9175-29449EF261FC}.Release|x64.ActiveCfg = Release|x64
		{8F7095F5-468C-4969-9175-29449EF261FC}.Release|x64.Build.0 = Release|x64
		{FA3AD685-B25C-457F-9F5E-73E787087DF6}.Debug|AnyCPU.ActiveCfg = Debug|Any CPU
		{FA3AD685-B25C-457F-9F5E-73E787087DF6}.Debug|AnyCPU.Build.0 = Debug|Any CPU
		{FA3AD685-B25C-457F-9F5E-73E787087DF6}.Debug|ARM64.ActiveCfg = Debug|ARM64
		{FA3AD685-B25C-457F-9F5E-73E787087DF6}.Debug|ARM64.Build.0 = Debug|ARM64
		{FA3AD685-B25C-457F-9F5E-73E787087DF6}.Debug|x64.ActiveCfg = Debug|x64
		{FA3AD685-B25C-457F-9F5E-73E787087DF6}.Debug|x64.Build.0 = Debug|x64
		{FA3AD685-B25C-457F-9F5E-73E787087DF6}.Release|AnyCPU.ActiveCfg = Release|Any CPU
		{FA3AD685-B25C-457F-9F5E-73E787087DF6}.Release|AnyCPU.Build.0 = Release|Any CPU
		{FA3AD685-B25C-457F-9F5E-73E787087DF6}.Release|ARM64.ActiveCfg = Release|ARM64
		{FA3AD685-B25C-457F-9F5E-73E787087DF6}.Release|ARM64.Build.0 = Release|ARM64
		{FA3AD685-B25C-457F-9F5E-73E787087DF6}.Release|x64.ActiveCfg = Release|x64
		{FA3AD685-B25C-457F-9F5E-73E787087DF6}.Release|x64.Build.0 = Release|x64
		{250F0916-AD9F-4C5C-B3E2-9F80C77026B6}.Debug|AnyCPU.ActiveCfg = Debug|Any CPU
		{250F0916-AD9F-4C5C-B3E2-9F80C77026B6}.Debug|AnyCPU.Build.0 = Debug|Any CPU
		{250F0916-AD9F-4C5C-B3E2-9F80C77026B6}.Debug|ARM64.ActiveCfg = Debug|ARM64
		{250F0916-AD9F-4C5C-B3E2-9F80C77026B6}.Debug|ARM64.Build.0 = Debug|ARM64
		{250F0916-AD9F-4C5C-B3E2-9F80C77026B6}.Debug|x64.ActiveCfg = Debug|x64
		{250F0916-AD9F-4C5C-B3E2-9F80C77026B6}.Debug|x64.Build.0 = Debug|x64
		{250F0916-AD9F-4C5C-B3E2-9F80C77026B6}.Release|AnyCPU.ActiveCfg = Release|Any CPU
		{250F0916-AD9F-4C5C-B3E2-9F80C77026B6}.Release|AnyCPU.Build.0 = Release|Any CPU
		{250F0916-AD9F-4C5C-B3E2-9F80C77026B6}.Release|ARM64.ActiveCfg = Release|ARM64
		{250F0916-AD9F-4C5C-B3E2-9F80C77026B6}.Release|x64.ActiveCfg = Release|x64
	EndGlobalSection
	GlobalSection(SolutionProperties) = preSolution
		HideSolutionNode = FALSE
	EndGlobalSection
	GlobalSection(NestedProjects) = preSolution
		{63495597-1963-4715-97F2-91B1CAED148E} = {80BFC793-45A8-4C41-976F-ADBED20548BF}
		{FDD9B411-63FD-4ED9-8291-B6BBBCD067FA} = {80BFC793-45A8-4C41-976F-ADBED20548BF}
		{FDCF4277-3958-444B-976E-1C8121D2DFA5} = {80BFC793-45A8-4C41-976F-ADBED20548BF}
		{0A38754D-3A3D-4E95-9794-2A3954A9DA25} = {80BFC793-45A8-4C41-976F-ADBED20548BF}
		{86DD9A2C-06B6-4CEF-8ADC-8F0DA5F67B56} = {80BFC793-45A8-4C41-976F-ADBED20548BF}
		{AFAC7285-90E5-4562-8466-4CF6EBC50658} = {2A980135-BA01-4799-9AE3-66C650400D2A}
		{5B0A6CEC-3C85-430E-B3E3-DC8794344C4D} = {80BFC793-45A8-4C41-976F-ADBED20548BF}
		{14CEECAC-4239-49BE-B23C-FE3D659D1EA4} = {80BFC793-45A8-4C41-976F-ADBED20548BF}
		{9D0F4BD0-12F9-449E-9800-30FF04155933} = {80BFC793-45A8-4C41-976F-ADBED20548BF}
		{4697062B-D142-41AF-BC19-E2004ACF3B69} = {80BFC793-45A8-4C41-976F-ADBED20548BF}
		{FB3AEE75-DD26-47A4-95C7-8C8BD1705157} = {80BFC793-45A8-4C41-976F-ADBED20548BF}
		{BA76A182-523D-4363-8321-8CBD049DF6D4} = {80BFC793-45A8-4C41-976F-ADBED20548BF}
		{BE22633B-770B-4C23-9BB4-ABB963C98FD5} = {80BFC793-45A8-4C41-976F-ADBED20548BF}
		{616877F9-2D4F-466B-ADC8-911C9EE65078} = {80BFC793-45A8-4C41-976F-ADBED20548BF}
		{DD0EE902-88B7-4091-8742-7C1828F442E6} = {80BFC793-45A8-4C41-976F-ADBED20548BF}
		{445991D0-49CE-475F-8953-62645D6C7C56} = {80BFC793-45A8-4C41-976F-ADBED20548BF}
		{02598DCC-9F87-4C30-979A-D13EA09E78B1} = {80BFC793-45A8-4C41-976F-ADBED20548BF}
		{84E8C5BB-9605-4A89-AE24-4B6BA4D5DBF2} = {80BFC793-45A8-4C41-976F-ADBED20548BF}
		{34D836A7-1BBF-4A4A-A4AB-EAB8510BF274} = {80BFC793-45A8-4C41-976F-ADBED20548BF}
		{DAAD538C-DB26-431C-BED5-178F86C19C59} = {80BFC793-45A8-4C41-976F-ADBED20548BF}
		{FD0A0990-1E58-42F0-99E3-FBB38F8CE4DD} = {80BFC793-45A8-4C41-976F-ADBED20548BF}
		{F5B18163-D855-4141-99F2-9A22287FE82A} = {80BFC793-45A8-4C41-976F-ADBED20548BF}
		{2D173140-2F8F-4E2E-AFB6-8F75183D6EBC} = {80BFC793-45A8-4C41-976F-ADBED20548BF}
		{37C75C06-BB47-475E-AF9D-0691DBC24003} = {80BFC793-45A8-4C41-976F-ADBED20548BF}
		{46C573B6-81D1-4509-9D8C-D5C4F391773B} = {80BFC793-45A8-4C41-976F-ADBED20548BF}
		{6E196D0F-1A77-417A-BE7D-57A8E1592067} = {80BFC793-45A8-4C41-976F-ADBED20548BF}
		{D34623E2-8A09-46F9-BB79-B893F2F448B6} = {80BFC793-45A8-4C41-976F-ADBED20548BF}
		{D128F9FF-4C32-4695-BC97-961BF8868935} = {80BFC793-45A8-4C41-976F-ADBED20548BF}
		{D5BEAE1C-2BF8-4B9C-9440-3EBCBE2E52DB} = {80BFC793-45A8-4C41-976F-ADBED20548BF}
		{75B7AE96-8655-405C-BA29-DAA32C92B788} = {80BFC793-45A8-4C41-976F-ADBED20548BF}
		{250F0916-AD9F-4C5C-B3E2-9F80C77026B6} = {80BFC793-45A8-4C41-976F-ADBED20548BF}
	EndGlobalSection
	GlobalSection(ExtensibilityGlobals) = postSolution
		SolutionGuid = {46EF5478-6259-449B-99E8-8E044243F61F}
	EndGlobalSection
EndGlobal
